// !$*UTF8*$!
{
	archiveVersion = 1;
	classes = {
	};
	objectVersion = 46;
	objects = {

/* Begin PBXBuildFile section */
		872D943415737B0400BCB4EC /* UIKit.framework in Frameworks */ = {isa = PBXBuildFile; fileRef = 872D943315737B0400BCB4EC /* UIKit.framework */; };
		872D943615737B0400BCB4EC /* Foundation.framework in Frameworks */ = {isa = PBXBuildFile; fileRef = 872D943515737B0400BCB4EC /* Foundation.framework */; };
		872D943815737B0400BCB4EC /* CoreGraphics.framework in Frameworks */ = {isa = PBXBuildFile; fileRef = 872D943715737B0400BCB4EC /* CoreGraphics.framework */; };
		872D943E15737B0400BCB4EC /* InfoPlist.strings in Resources */ = {isa = PBXBuildFile; fileRef = 872D943C15737B0400BCB4EC /* InfoPlist.strings */; };
		872D944015737B0400BCB4EC /* main.m in Sources */ = {isa = PBXBuildFile; fileRef = 872D943F15737B0400BCB4EC /* main.m */; };
		872D944415737B0400BCB4EC /* AppDelegate.m in Sources */ = {isa = PBXBuildFile; fileRef = 872D944315737B0400BCB4EC /* AppDelegate.m */; };
		872D944715737B0400BCB4EC /* AuthorsViewController.m in Sources */ = {isa = PBXBuildFile; fileRef = 872D944615737B0400BCB4EC /* AuthorsViewController.m */; };
		872D944D15737B0400BCB4EC /* AuthorsViewController.xib in Resources */ = {isa = PBXBuildFile; fileRef = 872D944B15737B0400BCB4EC /* AuthorsViewController.xib */; };
		872D947515737E7900BCB4EC /* KxCast.m in Sources */ = {isa = PBXBuildFile; fileRef = 872D945F15737E7900BCB4EC /* KxCast.m */; };
		872D947615737E7900BCB4EC /* KxConsole.m in Sources */ = {isa = PBXBuildFile; fileRef = 872D946115737E7900BCB4EC /* KxConsole.m */; };
		872D947715737E7900BCB4EC /* KxList.m in Sources */ = {isa = PBXBuildFile; fileRef = 872D946315737E7900BCB4EC /* KxList.m */; };
		872D947815737E7900BCB4EC /* KxTuple2.m in Sources */ = {isa = PBXBuildFile; fileRef = 872D946615737E7900BCB4EC /* KxTuple2.m */; };
		872D947915737E7900BCB4EC /* KxUtils.m in Sources */ = {isa = PBXBuildFile; fileRef = 872D946815737E7900BCB4EC /* KxUtils.m */; };
		872D947A15737E7900BCB4EC /* NSArray+Kolyvan.m in Sources */ = {isa = PBXBuildFile; fileRef = 872D946A15737E7900BCB4EC /* NSArray+Kolyvan.m */; };
		872D947B15737E7900BCB4EC /* NSData+Kolyvan.m in Sources */ = {isa = PBXBuildFile; fileRef = 872D946C15737E7900BCB4EC /* NSData+Kolyvan.m */; };
		872D947C15737E7900BCB4EC /* NSDate+Kolyvan.m in Sources */ = {isa = PBXBuildFile; fileRef = 872D946E15737E7900BCB4EC /* NSDate+Kolyvan.m */; };
		872D947D15737E7900BCB4EC /* NSDictionary+Kolyvan.m in Sources */ = {isa = PBXBuildFile; fileRef = 872D947015737E7900BCB4EC /* NSDictionary+Kolyvan.m */; };
		872D947E15737E7900BCB4EC /* NSObject+Kolyvan.m in Sources */ = {isa = PBXBuildFile; fileRef = 872D947215737E7900BCB4EC /* NSObject+Kolyvan.m */; };
		872D947F15737E7900BCB4EC /* NSString+Kolyvan.m in Sources */ = {isa = PBXBuildFile; fileRef = 872D947415737E7900BCB4EC /* NSString+Kolyvan.m */; };
/* End PBXBuildFile section */

/* Begin PBXFileReference section */
		872D942F15737B0400BCB4EC /* iSamizdat.app */ = {isa = PBXFileReference; explicitFileType = wrapper.application; includeInIndex = 0; path = iSamizdat.app; sourceTree = BUILT_PRODUCTS_DIR; };
		872D943315737B0400BCB4EC /* UIKit.framework */ = {isa = PBXFileReference; lastKnownFileType = wrapper.framework; name = UIKit.framework; path = System/Library/Frameworks/UIKit.framework; sourceTree = SDKROOT; };
		872D943515737B0400BCB4EC /* Foundation.framework */ = {isa = PBXFileReference; lastKnownFileType = wrapper.framework; name = Foundation.framework; path = System/Library/Frameworks/Foundation.framework; sourceTree = SDKROOT; };
		872D943715737B0400BCB4EC /* CoreGraphics.framework */ = {isa = PBXFileReference; lastKnownFileType = wrapper.framework; name = CoreGraphics.framework; path = System/Library/Frameworks/CoreGraphics.framework; sourceTree = SDKROOT; };
		872D943B15737B0400BCB4EC /* iSamizdat-Info.plist */ = {isa = PBXFileReference; lastKnownFileType = text.plist.xml; path = "iSamizdat-Info.plist"; sourceTree = "<group>"; };
		872D943D15737B0400BCB4EC /* en */ = {isa = PBXFileReference; lastKnownFileType = text.plist.strings; name = en; path = en.lproj/InfoPlist.strings; sourceTree = "<group>"; };
		872D943F15737B0400BCB4EC /* main.m */ = {isa = PBXFileReference; lastKnownFileType = sourcecode.c.objc; path = main.m; sourceTree = "<group>"; };
		872D944115737B0400BCB4EC /* iSamizdat-Prefix.pch */ = {isa = PBXFileReference; lastKnownFileType = sourcecode.c.h; path = "iSamizdat-Prefix.pch"; sourceTree = "<group>"; };
		872D944215737B0400BCB4EC /* AppDelegate.h */ = {isa = PBXFileReference; lastKnownFileType = sourcecode.c.h; path = AppDelegate.h; sourceTree = "<group>"; };
		872D944315737B0400BCB4EC /* AppDelegate.m */ = {isa = PBXFileReference; lastKnownFileType = sourcecode.c.objc; path = AppDelegate.m; sourceTree = "<group>"; };
		872D944515737B0400BCB4EC /* AuthorsViewController.h */ = {isa = PBXFileReference; lastKnownFileType = sourcecode.c.h; path = AuthorsViewController.h; sourceTree = "<group>"; };
		872D944615737B0400BCB4EC /* AuthorsViewController.m */ = {isa = PBXFileReference; lastKnownFileType = sourcecode.c.objc; path = AuthorsViewController.m; sourceTree = "<group>"; };
		872D944C15737B0400BCB4EC /* en */ = {isa = PBXFileReference; lastKnownFileType = file.xib; name = en; path = en.lproj/AuthorsViewController.xib; sourceTree = "<group>"; };
		872D945D15737E7900BCB4EC /* KxArc.h */ = {isa = PBXFileReference; fileEncoding = 4; lastKnownFileType = sourcecode.c.h; path = KxArc.h; sourceTree = "<group>"; };
		872D945E15737E7900BCB4EC /* KxCast.h */ = {isa = PBXFileReference; fileEncoding = 4; lastKnownFileType = sourcecode.c.h; path = KxCast.h; sourceTree = "<group>"; };
		872D945F15737E7900BCB4EC /* KxCast.m */ = {isa = PBXFileReference; fileEncoding = 4; lastKnownFileType = sourcecode.c.objc; path = KxCast.m; sourceTree = "<group>"; };
		872D946015737E7900BCB4EC /* KxConsole.h */ = {isa = PBXFileReference; fileEncoding = 4; lastKnownFileType = sourcecode.c.h; path = KxConsole.h; sourceTree = "<group>"; };
		872D946115737E7900BCB4EC /* KxConsole.m */ = {isa = PBXFileReference; fileEncoding = 4; lastKnownFileType = sourcecode.c.objc; path = KxConsole.m; sourceTree = "<group>"; };
		872D946215737E7900BCB4EC /* KxList.h */ = {isa = PBXFileReference; fileEncoding = 4; lastKnownFileType = sourcecode.c.h; path = KxList.h; sourceTree = "<group>"; };
		872D946315737E7900BCB4EC /* KxList.m */ = {isa = PBXFileReference; fileEncoding = 4; lastKnownFileType = sourcecode.c.objc; path = KxList.m; sourceTree = "<group>"; };
		872D946415737E7900BCB4EC /* KxMacros.h */ = {isa = PBXFileReference; fileEncoding = 4; lastKnownFileType = sourcecode.c.h; path = KxMacros.h; sourceTree = "<group>"; };
		872D946515737E7900BCB4EC /* KxTuple2.h */ = {isa = PBXFileReference; fileEncoding = 4; lastKnownFileType = sourcecode.c.h; path = KxTuple2.h; sourceTree = "<group>"; };
		872D946615737E7900BCB4EC /* KxTuple2.m */ = {isa = PBXFileReference; fileEncoding = 4; lastKnownFileType = sourcecode.c.objc; path = KxTuple2.m; sourceTree = "<group>"; };
		872D946715737E7900BCB4EC /* KxUtils.h */ = {isa = PBXFileReference; fileEncoding = 4; lastKnownFileType = sourcecode.c.h; path = KxUtils.h; sourceTree = "<group>"; };
		872D946815737E7900BCB4EC /* KxUtils.m */ = {isa = PBXFileReference; fileEncoding = 4; lastKnownFileType = sourcecode.c.objc; path = KxUtils.m; sourceTree = "<group>"; };
		872D946915737E7900BCB4EC /* NSArray+Kolyvan.h */ = {isa = PBXFileReference; fileEncoding = 4; lastKnownFileType = sourcecode.c.h; path = "NSArray+Kolyvan.h"; sourceTree = "<group>"; };
		872D946A15737E7900BCB4EC /* NSArray+Kolyvan.m */ = {isa = PBXFileReference; fileEncoding = 4; lastKnownFileType = sourcecode.c.objc; path = "NSArray+Kolyvan.m"; sourceTree = "<group>"; };
		872D946B15737E7900BCB4EC /* NSData+Kolyvan.h */ = {isa = PBXFileReference; fileEncoding = 4; lastKnownFileType = sourcecode.c.h; path = "NSData+Kolyvan.h"; sourceTree = "<group>"; };
		872D946C15737E7900BCB4EC /* NSData+Kolyvan.m */ = {isa = PBXFileReference; fileEncoding = 4; lastKnownFileType = sourcecode.c.objc; path = "NSData+Kolyvan.m"; sourceTree = "<group>"; };
		872D946D15737E7900BCB4EC /* NSDate+Kolyvan.h */ = {isa = PBXFileReference; fileEncoding = 4; lastKnownFileType = sourcecode.c.h; path = "NSDate+Kolyvan.h"; sourceTree = "<group>"; };
		872D946E15737E7900BCB4EC /* NSDate+Kolyvan.m */ = {isa = PBXFileReference; fileEncoding = 4; lastKnownFileType = sourcecode.c.objc; path = "NSDate+Kolyvan.m"; sourceTree = "<group>"; };
		872D946F15737E7900BCB4EC /* NSDictionary+Kolyvan.h */ = {isa = PBXFileReference; fileEncoding = 4; lastKnownFileType = sourcecode.c.h; path = "NSDictionary+Kolyvan.h"; sourceTree = "<group>"; };
		872D947015737E7900BCB4EC /* NSDictionary+Kolyvan.m */ = {isa = PBXFileReference; fileEncoding = 4; lastKnownFileType = sourcecode.c.objc; path = "NSDictionary+Kolyvan.m"; sourceTree = "<group>"; };
		872D947115737E7900BCB4EC /* NSObject+Kolyvan.h */ = {isa = PBXFileReference; fileEncoding = 4; lastKnownFileType = sourcecode.c.h; path = "NSObject+Kolyvan.h"; sourceTree = "<group>"; };
		872D947215737E7900BCB4EC /* NSObject+Kolyvan.m */ = {isa = PBXFileReference; fileEncoding = 4; lastKnownFileType = sourcecode.c.objc; path = "NSObject+Kolyvan.m"; sourceTree = "<group>"; };
		872D947315737E7900BCB4EC /* NSString+Kolyvan.h */ = {isa = PBXFileReference; fileEncoding = 4; lastKnownFileType = sourcecode.c.h; path = "NSString+Kolyvan.h"; sourceTree = "<group>"; };
		872D947415737E7900BCB4EC /* NSString+Kolyvan.m */ = {isa = PBXFileReference; fileEncoding = 4; lastKnownFileType = sourcecode.c.objc; path = "NSString+Kolyvan.m"; sourceTree = "<group>"; };
/* End PBXFileReference section */

/* Begin PBXFrameworksBuildPhase section */
		872D942C15737B0400BCB4EC /* Frameworks */ = {
			isa = PBXFrameworksBuildPhase;
			buildActionMask = 2147483647;
			files = (
				872D943415737B0400BCB4EC /* UIKit.framework in Frameworks */,
				872D943615737B0400BCB4EC /* Foundation.framework in Frameworks */,
				872D943815737B0400BCB4EC /* CoreGraphics.framework in Frameworks */,
			);
			runOnlyForDeploymentPostprocessing = 0;
		};
/* End PBXFrameworksBuildPhase section */

/* Begin PBXGroup section */
		872D942415737B0400BCB4EC = {
			isa = PBXGroup;
			children = (
				872D945C15737E7900BCB4EC /* kxtools */,
				872D943915737B0400BCB4EC /* iSamizdat */,
				872D943215737B0400BCB4EC /* Frameworks */,
				872D943015737B0400BCB4EC /* Products */,
			);
			sourceTree = "<group>";
		};
		872D943015737B0400BCB4EC /* Products */ = {
			isa = PBXGroup;
			children = (
				872D942F15737B0400BCB4EC /* iSamizdat.app */,
			);
			name = Products;
			sourceTree = "<group>";
		};
		872D943215737B0400BCB4EC /* Frameworks */ = {
			isa = PBXGroup;
			children = (
				872D943315737B0400BCB4EC /* UIKit.framework */,
				872D943515737B0400BCB4EC /* Foundation.framework */,
				872D943715737B0400BCB4EC /* CoreGraphics.framework */,
			);
			name = Frameworks;
			sourceTree = "<group>";
		};
		872D943915737B0400BCB4EC /* iSamizdat */ = {
			isa = PBXGroup;
			children = (
				872D945615737B9500BCB4EC /* views */,
				872D944215737B0400BCB4EC /* AppDelegate.h */,
				872D944315737B0400BCB4EC /* AppDelegate.m */,
				872D944515737B0400BCB4EC /* AuthorsViewController.h */,
				872D944615737B0400BCB4EC /* AuthorsViewController.m */,
				872D943A15737B0400BCB4EC /* Supporting Files */,
			);
			path = iSamizdat;
			sourceTree = "<group>";
		};
		872D943A15737B0400BCB4EC /* Supporting Files */ = {
			isa = PBXGroup;
			children = (
				872D943B15737B0400BCB4EC /* iSamizdat-Info.plist */,
				872D943C15737B0400BCB4EC /* InfoPlist.strings */,
				872D943F15737B0400BCB4EC /* main.m */,
				872D944115737B0400BCB4EC /* iSamizdat-Prefix.pch */,
			);
			name = "Supporting Files";
			sourceTree = "<group>";
		};
		872D945615737B9500BCB4EC /* views */ = {
			isa = PBXGroup;
			children = (
				872D944B15737B0400BCB4EC /* AuthorsViewController.xib */,
			);
			name = views;
			sourceTree = "<group>";
		};
		872D945C15737E7900BCB4EC /* kxtools */ = {
			isa = PBXGroup;
			children = (
				872D945D15737E7900BCB4EC /* KxArc.h */,
				872D945E15737E7900BCB4EC /* KxCast.h */,
				872D945F15737E7900BCB4EC /* KxCast.m */,
				872D946015737E7900BCB4EC /* KxConsole.h */,
				872D946115737E7900BCB4EC /* KxConsole.m */,
				872D946215737E7900BCB4EC /* KxList.h */,
				872D946315737E7900BCB4EC /* KxList.m */,
				872D946415737E7900BCB4EC /* KxMacros.h */,
				872D946515737E7900BCB4EC /* KxTuple2.h */,
				872D946615737E7900BCB4EC /* KxTuple2.m */,
				872D946715737E7900BCB4EC /* KxUtils.h */,
				872D946815737E7900BCB4EC /* KxUtils.m */,
				872D946915737E7900BCB4EC /* NSArray+Kolyvan.h */,
				872D946A15737E7900BCB4EC /* NSArray+Kolyvan.m */,
				872D946B15737E7900BCB4EC /* NSData+Kolyvan.h */,
				872D946C15737E7900BCB4EC /* NSData+Kolyvan.m */,
				872D946D15737E7900BCB4EC /* NSDate+Kolyvan.h */,
				872D946E15737E7900BCB4EC /* NSDate+Kolyvan.m */,
				872D946F15737E7900BCB4EC /* NSDictionary+Kolyvan.h */,
				872D947015737E7900BCB4EC /* NSDictionary+Kolyvan.m */,
				872D947115737E7900BCB4EC /* NSObject+Kolyvan.h */,
				872D947215737E7900BCB4EC /* NSObject+Kolyvan.m */,
				872D947315737E7900BCB4EC /* NSString+Kolyvan.h */,
				872D947415737E7900BCB4EC /* NSString+Kolyvan.m */,
			);
			name = kxtools;
			path = kxtools/kxtools;
			sourceTree = "<group>";
		};
/* End PBXGroup section */

/* Begin PBXNativeTarget section */
		872D942E15737B0400BCB4EC /* iSamizdat */ = {
			isa = PBXNativeTarget;
			buildConfigurationList = 872D945315737B0400BCB4EC /* Build configuration list for PBXNativeTarget "iSamizdat" */;
			buildPhases = (
				872D942B15737B0400BCB4EC /* Sources */,
				872D942C15737B0400BCB4EC /* Frameworks */,
				872D942D15737B0400BCB4EC /* Resources */,
			);
			buildRules = (
			);
			dependencies = (
			);
			name = iSamizdat;
			productName = iSamizdat;
			productReference = 872D942F15737B0400BCB4EC /* iSamizdat.app */;
			productType = "com.apple.product-type.application";
		};
/* End PBXNativeTarget section */

/* Begin PBXProject section */
		872D942615737B0400BCB4EC /* Project object */ = {
			isa = PBXProject;
			attributes = {
				LastUpgradeCheck = 0430;
				ORGANIZATIONNAME = "Konstantin Boukreev ";
			};
			buildConfigurationList = 872D942915737B0400BCB4EC /* Build configuration list for PBXProject "iSamizdat" */;
			compatibilityVersion = "Xcode 3.2";
			developmentRegion = English;
			hasScannedForEncodings = 0;
			knownRegions = (
				en,
			);
			mainGroup = 872D942415737B0400BCB4EC;
			productRefGroup = 872D943015737B0400BCB4EC /* Products */;
			projectDirPath = "";
			projectRoot = "";
			targets = (
				872D942E15737B0400BCB4EC /* iSamizdat */,
			);
		};
/* End PBXProject section */

/* Begin PBXResourcesBuildPhase section */
		872D942D15737B0400BCB4EC /* Resources */ = {
			isa = PBXResourcesBuildPhase;
			buildActionMask = 2147483647;
			files = (
				872D943E15737B0400BCB4EC /* InfoPlist.strings in Resources */,
				872D944D15737B0400BCB4EC /* AuthorsViewController.xib in Resources */,
			);
			runOnlyForDeploymentPostprocessing = 0;
		};
/* End PBXResourcesBuildPhase section */

/* Begin PBXSourcesBuildPhase section */
		872D942B15737B0400BCB4EC /* Sources */ = {
			isa = PBXSourcesBuildPhase;
			buildActionMask = 2147483647;
			files = (
				872D944015737B0400BCB4EC /* main.m in Sources */,
				872D944415737B0400BCB4EC /* AppDelegate.m in Sources */,
				872D944715737B0400BCB4EC /* AuthorsViewController.m in Sources */,
				872D947515737E7900BCB4EC /* KxCast.m in Sources */,
				872D947615737E7900BCB4EC /* KxConsole.m in Sources */,
				872D947715737E7900BCB4EC /* KxList.m in Sources */,
				872D947815737E7900BCB4EC /* KxTuple2.m in Sources */,
				872D947915737E7900BCB4EC /* KxUtils.m in Sources */,
				872D947A15737E7900BCB4EC /* NSArray+Kolyvan.m in Sources */,
				872D947B15737E7900BCB4EC /* NSData+Kolyvan.m in Sources */,
				872D947C15737E7900BCB4EC /* NSDate+Kolyvan.m in Sources */,
				872D947D15737E7900BCB4EC /* NSDictionary+Kolyvan.m in Sources */,
				872D947E15737E7900BCB4EC /* NSObject+Kolyvan.m in Sources */,
				872D947F15737E7900BCB4EC /* NSString+Kolyvan.m in Sources */,
			);
			runOnlyForDeploymentPostprocessing = 0;
		};
/* End PBXSourcesBuildPhase section */

/* Begin PBXVariantGroup section */
		872D943C15737B0400BCB4EC /* InfoPlist.strings */ = {
			isa = PBXVariantGroup;
			children = (
				872D943D15737B0400BCB4EC /* en */,
			);
			name = InfoPlist.strings;
			sourceTree = "<group>";
		};
		872D944B15737B0400BCB4EC /* AuthorsViewController.xib */ = {
			isa = PBXVariantGroup;
			children = (
				872D944C15737B0400BCB4EC /* en */,
			);
			name = AuthorsViewController.xib;
			sourceTree = "<group>";
		};
/* End PBXVariantGroup section */

/* Begin XCBuildConfiguration section */
		872D945115737B0400BCB4EC /* Debug */ = {
			isa = XCBuildConfiguration;
			buildSettings = {
				ALWAYS_SEARCH_USER_PATHS = NO;
				ARCHS = "$(ARCHS_STANDARD_32_BIT)";
				CLANG_ENABLE_OBJC_ARC = YES;
				"CODE_SIGN_IDENTITY[sdk=iphoneos*]" = "iPhone Developer";
				COPY_PHASE_STRIP = NO;
				GCC_C_LANGUAGE_STANDARD = gnu99;
				GCC_DYNAMIC_NO_PIC = NO;
				GCC_OPTIMIZATION_LEVEL = 0;
				GCC_PREPROCESSOR_DEFINITIONS = (
					"DEBUG=1",
					"$(inherited)",
				);
				GCC_SYMBOLS_PRIVATE_EXTERN = NO;
				GCC_VERSION = com.apple.compilers.llvm.clang.1_0;
				GCC_WARN_ABOUT_RETURN_TYPE = YES;
				GCC_WARN_UNINITIALIZED_AUTOS = YES;
				GCC_WARN_UNUSED_VARIABLE = YES;
				IPHONEOS_DEPLOYMENT_TARGET = 5.1;
				SDKROOT = iphoneos;
			};
			name = Debug;
		};
		872D945215737B0400BCB4EC /* Release */ = {
			isa = XCBuildConfiguration;
			buildSettings = {
				ALWAYS_SEARCH_USER_PATHS = NO;
				ARCHS = "$(ARCHS_STANDARD_32_BIT)";
				CLANG_ENABLE_OBJC_ARC = YES;
				"CODE_SIGN_IDENTITY[sdk=iphoneos*]" = "iPhone Developer";
				COPY_PHASE_STRIP = YES;
				GCC_C_LANGUAGE_STANDARD = gnu99;
				GCC_VERSION = com.apple.compilers.llvm.clang.1_0;
				GCC_WARN_ABOUT_RETURN_TYPE = YES;
				GCC_WARN_UNINITIALIZED_AUTOS = YES;
				GCC_WARN_UNUSED_VARIABLE = YES;
				IPHONEOS_DEPLOYMENT_TARGET = 5.1;
				OTHER_CFLAGS = "-DNS_BLOCK_ASSERTIONS=1";
				SDKROOT = iphoneos;
				VALIDATE_PRODUCT = YES;
			};
			name = Release;
		};
		872D945415737B0400BCB4EC /* Debug */ = {
			isa = XCBuildConfiguration;
			buildSettings = {
				GCC_PRECOMPILE_PREFIX_HEADER = YES;
				GCC_PREFIX_HEADER = "iSamizdat/iSamizdat-Prefix.pch";
				INFOPLIST_FILE = "iSamizdat/iSamizdat-Info.plist";
				PRODUCT_NAME = "$(TARGET_NAME)";
				WRAPPER_EXTENSION = app;
			};
			name = Debug;
		};
		872D945515737B0400BCB4EC /* Release */ = {
			isa = XCBuildConfiguration;
			buildSettings = {
				GCC_PRECOMPILE_PREFIX_HEADER = YES;
				GCC_PREFIX_HEADER = "iSamizdat/iSamizdat-Prefix.pch";
				INFOPLIST_FILE = "iSamizdat/iSamizdat-Info.plist";
				PRODUCT_NAME = "$(TARGET_NAME)";
				WRAPPER_EXTENSION = app;
			};
			name = Release;
		};
/* End XCBuildConfiguration section */

/* Begin XCConfigurationList section */
		872D942915737B0400BCB4EC /* Build configuration list for PBXProject "iSamizdat" */ = {
			isa = XCConfigurationList;
			buildConfigurations = (
				872D945115737B0400BCB4EC /* Debug */,
				872D945215737B0400BCB4EC /* Release */,
			);
			defaultConfigurationIsVisible = 0;
			defaultConfigurationName = Release;
		};
		872D945315737B0400BCB4EC /* Build configuration list for PBXNativeTarget "iSamizdat" */ = {
			isa = XCConfigurationList;
			buildConfigurations = (
				872D945415737B0400BCB4EC /* Debug */,
				872D945515737B0400BCB4EC /* Release */,
			);
			defaultConfigurationIsVisible = 0;
			defaultConfigurationName = Release;
		};
/* End XCConfigurationList section */
	};
	rootObject = 872D942615737B0400BCB4EC /* Project object */;
}
