// !$*UTF8*$!
{
	archiveVersion = 1;
	classes = {
	};
	objectVersion = 46;
	objects = {

/* Begin PBXBuildFile section */
		870BA4591574F04400B71E07 /* FastCell.m in Sources */ = {isa = PBXBuildFile; fileRef = 870BA4581574F04400B71E07 /* FastCell.m */; settings = {COMPILER_FLAGS = "-fno-objc-arc"; }; };
		870BA45D1575009600B71E07 /* favorite-off.png in Resources */ = {isa = PBXBuildFile; fileRef = 870BA45B1575009600B71E07 /* favorite-off.png */; };
		870BA45E1575009600B71E07 /* favorite.png in Resources */ = {isa = PBXBuildFile; fileRef = 870BA45C1575009600B71E07 /* favorite.png */; };
		870BA46115750A2600B71E07 /* comment.png in Resources */ = {isa = PBXBuildFile; fileRef = 870BA45F15750A2600B71E07 /* comment.png */; };
		870BA46215750A2600B71E07 /* new.png in Resources */ = {isa = PBXBuildFile; fileRef = 870BA46015750A2600B71E07 /* new.png */; };
		870BA469157515F500B71E07 /* SamLibText+IOS.m in Sources */ = {isa = PBXBuildFile; fileRef = 870BA468157515F500B71E07 /* SamLibText+IOS.m */; };
		8712FF9315749A3800C01283 /* SamLibAuthor+IOS.m in Sources */ = {isa = PBXBuildFile; fileRef = 8712FF9215749A3800C01283 /* SamLibAuthor+IOS.m */; };
		8712FF9515749D7D00C01283 /* failure.png in Resources */ = {isa = PBXBuildFile; fileRef = 8712FF9415749D7D00C01283 /* failure.png */; };
		8712FF9715749DE400C01283 /* success.png in Resources */ = {isa = PBXBuildFile; fileRef = 8712FF9615749DE400C01283 /* success.png */; };
		8712FF9B1574A02B00C01283 /* NewAuthorViewController.m in Sources */ = {isa = PBXBuildFile; fileRef = 8712FF991574A02B00C01283 /* NewAuthorViewController.m */; };
		8712FFAC1574C02700C01283 /* NewAuthorViewController.xib in Resources */ = {isa = PBXBuildFile; fileRef = 8712FFAD1574C02700C01283 /* NewAuthorViewController.xib */; };
		8712FFC81574D8D300C01283 /* NoticeView.bundle in Resources */ = {isa = PBXBuildFile; fileRef = 8712FFBC1574D8D300C01283 /* NoticeView.bundle */; };
		8712FFC91574D8D300C01283 /* UILabel+WBExtensions.m in Sources */ = {isa = PBXBuildFile; fileRef = 8712FFBE1574D8D300C01283 /* UILabel+WBExtensions.m */; };
		8712FFCA1574D8D300C01283 /* WBBaseNoticeView.m in Sources */ = {isa = PBXBuildFile; fileRef = 8712FFC01574D8D300C01283 /* WBBaseNoticeView.m */; };
		8712FFCB1574D8D300C01283 /* WBErrorNoticeView.m in Sources */ = {isa = PBXBuildFile; fileRef = 8712FFC21574D8D300C01283 /* WBErrorNoticeView.m */; };
		8712FFCC1574D8D300C01283 /* WBNoticeView.m in Sources */ = {isa = PBXBuildFile; fileRef = 8712FFC51574D8D300C01283 /* WBNoticeView.m */; };
		8712FFCD1574D8D300C01283 /* WBSuccessNoticeView.m in Sources */ = {isa = PBXBuildFile; fileRef = 8712FFC71574D8D300C01283 /* WBSuccessNoticeView.m */; };
		8712FFD11574DA7900C01283 /* AuthorViewController.m in Sources */ = {isa = PBXBuildFile; fileRef = 8712FFCF1574DA7900C01283 /* AuthorViewController.m */; };
		8712FFD21574DA7900C01283 /* AuthorViewController.xib in Resources */ = {isa = PBXBuildFile; fileRef = 8712FFD01574DA7900C01283 /* AuthorViewController.xib */; };
		8712FFD61574E65500C01283 /* TextViewController.m in Sources */ = {isa = PBXBuildFile; fileRef = 8712FFD41574E65500C01283 /* TextViewController.m */; };
		8712FFD71574E65500C01283 /* TextViewController.xib in Resources */ = {isa = PBXBuildFile; fileRef = 8712FFD51574E65500C01283 /* TextViewController.xib */; };
		8712FFDA1574E84900C01283 /* round_back.png in Resources */ = {isa = PBXBuildFile; fileRef = 8712FFD81574E84900C01283 /* round_back.png */; };
		8712FFDB1574E84900C01283 /* round_back@2x.png in Resources */ = {isa = PBXBuildFile; fileRef = 8712FFD91574E84900C01283 /* round_back@2x.png */; };
		8712FFDE1574E8D000C01283 /* back.png in Resources */ = {isa = PBXBuildFile; fileRef = 8712FFDC1574E8D000C01283 /* back.png */; };
		8712FFDF1574E8D000C01283 /* back@2x.png in Resources */ = {isa = PBXBuildFile; fileRef = 8712FFDD1574E8D000C01283 /* back@2x.png */; };
		872D943415737B0400BCB4EC /* UIKit.framework in Frameworks */ = {isa = PBXBuildFile; fileRef = 872D943315737B0400BCB4EC /* UIKit.framework */; };
		872D943615737B0400BCB4EC /* Foundation.framework in Frameworks */ = {isa = PBXBuildFile; fileRef = 872D943515737B0400BCB4EC /* Foundation.framework */; };
		872D943815737B0400BCB4EC /* CoreGraphics.framework in Frameworks */ = {isa = PBXBuildFile; fileRef = 872D943715737B0400BCB4EC /* CoreGraphics.framework */; };
		872D943E15737B0400BCB4EC /* InfoPlist.strings in Resources */ = {isa = PBXBuildFile; fileRef = 872D943C15737B0400BCB4EC /* InfoPlist.strings */; };
		872D944015737B0400BCB4EC /* main.m in Sources */ = {isa = PBXBuildFile; fileRef = 872D943F15737B0400BCB4EC /* main.m */; };
		872D944415737B0400BCB4EC /* AppDelegate.m in Sources */ = {isa = PBXBuildFile; fileRef = 872D944315737B0400BCB4EC /* AppDelegate.m */; };
		872D944715737B0400BCB4EC /* MainViewController.m in Sources */ = {isa = PBXBuildFile; fileRef = 872D944615737B0400BCB4EC /* MainViewController.m */; };
		872D944D15737B0400BCB4EC /* MainViewController.xib in Resources */ = {isa = PBXBuildFile; fileRef = 872D944B15737B0400BCB4EC /* MainViewController.xib */; };
		872D947515737E7900BCB4EC /* KxCast.m in Sources */ = {isa = PBXBuildFile; fileRef = 872D945F15737E7900BCB4EC /* KxCast.m */; };
		872D947615737E7900BCB4EC /* KxConsole.m in Sources */ = {isa = PBXBuildFile; fileRef = 872D946115737E7900BCB4EC /* KxConsole.m */; };
		872D947715737E7900BCB4EC /* KxList.m in Sources */ = {isa = PBXBuildFile; fileRef = 872D946315737E7900BCB4EC /* KxList.m */; };
		872D947815737E7900BCB4EC /* KxTuple2.m in Sources */ = {isa = PBXBuildFile; fileRef = 872D946615737E7900BCB4EC /* KxTuple2.m */; };
		872D947915737E7900BCB4EC /* KxUtils.m in Sources */ = {isa = PBXBuildFile; fileRef = 872D946815737E7900BCB4EC /* KxUtils.m */; };
		872D947A15737E7900BCB4EC /* NSArray+Kolyvan.m in Sources */ = {isa = PBXBuildFile; fileRef = 872D946A15737E7900BCB4EC /* NSArray+Kolyvan.m */; };
		872D947B15737E7900BCB4EC /* NSData+Kolyvan.m in Sources */ = {isa = PBXBuildFile; fileRef = 872D946C15737E7900BCB4EC /* NSData+Kolyvan.m */; };
		872D947C15737E7900BCB4EC /* NSDate+Kolyvan.m in Sources */ = {isa = PBXBuildFile; fileRef = 872D946E15737E7900BCB4EC /* NSDate+Kolyvan.m */; };
		872D947D15737E7900BCB4EC /* NSDictionary+Kolyvan.m in Sources */ = {isa = PBXBuildFile; fileRef = 872D947015737E7900BCB4EC /* NSDictionary+Kolyvan.m */; };
		872D947E15737E7900BCB4EC /* NSObject+Kolyvan.m in Sources */ = {isa = PBXBuildFile; fileRef = 872D947215737E7900BCB4EC /* NSObject+Kolyvan.m */; };
		872D947F15737E7900BCB4EC /* NSString+Kolyvan.m in Sources */ = {isa = PBXBuildFile; fileRef = 872D947415737E7900BCB4EC /* NSString+Kolyvan.m */; };
		872D94981573836500BCB4EC /* AFHTTPClient+Kolyvan.m in Sources */ = {isa = PBXBuildFile; fileRef = 872D94871573836500BCB4EC /* AFHTTPClient+Kolyvan.m */; settings = {COMPILER_FLAGS = "-fno-objc-arc"; }; };
		872D94991573836500BCB4EC /* SamLib.m in Sources */ = {isa = PBXBuildFile; fileRef = 872D94891573836500BCB4EC /* SamLib.m */; };
		872D949A1573836500BCB4EC /* SamLibAgent.m in Sources */ = {isa = PBXBuildFile; fileRef = 872D948B1573836500BCB4EC /* SamLibAgent.m */; };
		872D949B1573836500BCB4EC /* SamLibAuthor.m in Sources */ = {isa = PBXBuildFile; fileRef = 872D948D1573836500BCB4EC /* SamLibAuthor.m */; };
		872D949C1573836500BCB4EC /* SamLibComments.m in Sources */ = {isa = PBXBuildFile; fileRef = 872D948F1573836500BCB4EC /* SamLibComments.m */; };
		872D949D1573836500BCB4EC /* SamLibModel.m in Sources */ = {isa = PBXBuildFile; fileRef = 872D94911573836500BCB4EC /* SamLibModel.m */; };
		872D949E1573836500BCB4EC /* SamLibParser.m in Sources */ = {isa = PBXBuildFile; fileRef = 872D94931573836500BCB4EC /* SamLibParser.m */; };
		872D949F1573836500BCB4EC /* SamLibText.m in Sources */ = {isa = PBXBuildFile; fileRef = 872D94951573836500BCB4EC /* SamLibText.m */; };
		872D94A01573836500BCB4EC /* SamLibUser.m in Sources */ = {isa = PBXBuildFile; fileRef = 872D94971573836500BCB4EC /* SamLibUser.m */; };
		872D94B51573857D00BCB4EC /* JSONKit.m in Sources */ = {isa = PBXBuildFile; fileRef = 872D94B21573857D00BCB4EC /* JSONKit.m */; settings = {COMPILER_FLAGS = "-fno-objc-arc"; }; };
		872D954F1573868500BCB4EC /* AFHTTPClient.m in Sources */ = {isa = PBXBuildFile; fileRef = 872D95481573868500BCB4EC /* AFHTTPClient.m */; settings = {COMPILER_FLAGS = "-fno-objc-arc"; }; };
		872D95501573868500BCB4EC /* AFHTTPRequestOperation.m in Sources */ = {isa = PBXBuildFile; fileRef = 872D954A1573868500BCB4EC /* AFHTTPRequestOperation.m */; settings = {COMPILER_FLAGS = "-fno-objc-arc"; }; };
		872D95511573868500BCB4EC /* AFJSONUtilities.m in Sources */ = {isa = PBXBuildFile; fileRef = 872D954C1573868500BCB4EC /* AFJSONUtilities.m */; settings = {COMPILER_FLAGS = "-fno-objc-arc"; }; };
		872D95521573868500BCB4EC /* AFURLConnectionOperation.m in Sources */ = {isa = PBXBuildFile; fileRef = 872D954E1573868500BCB4EC /* AFURLConnectionOperation.m */; settings = {COMPILER_FLAGS = "-fno-objc-arc"; }; };
		872D955A157386B100BCB4EC /* DDFileLogger.m in Sources */ = {isa = PBXBuildFile; fileRef = 872D9555157386B100BCB4EC /* DDFileLogger.m */; };
		872D955B157386B100BCB4EC /* DDLog.m in Sources */ = {isa = PBXBuildFile; fileRef = 872D9557157386B100BCB4EC /* DDLog.m */; };
		872D955C157386B100BCB4EC /* DDTTYLogger.m in Sources */ = {isa = PBXBuildFile; fileRef = 872D9559157386B100BCB4EC /* DDTTYLogger.m */; };
		872D95661573876C00BCB4EC /* SSKeychain.m in Sources */ = {isa = PBXBuildFile; fileRef = 872D95651573876C00BCB4EC /* SSKeychain.m */; };
		872D9568157387BB00BCB4EC /* Security.framework in Frameworks */ = {isa = PBXBuildFile; fileRef = 872D9567157387BB00BCB4EC /* Security.framework */; };
		872D956F1573983A00BCB4EC /* emblem-system.png in Resources */ = {isa = PBXBuildFile; fileRef = 872D956E1573983A00BCB4EC /* emblem-system.png */; };
		872D9571157399D600BCB4EC /* emblem-system@2x.png in Resources */ = {isa = PBXBuildFile; fileRef = 872D9570157399D600BCB4EC /* emblem-system@2x.png */; };
		872D957415739B1C00BCB4EC /* localizable.strings in Resources */ = {isa = PBXBuildFile; fileRef = 872D957615739B1C00BCB4EC /* localizable.strings */; };
		872D958A1573AB5600BCB4EC /* SSPullToRefreshDefaultContentView.m in Sources */ = {isa = PBXBuildFile; fileRef = 872D95851573AB5600BCB4EC /* SSPullToRefreshDefaultContentView.m */; };
		872D958B1573AB5600BCB4EC /* SSPullToRefreshSimpleContentView.m in Sources */ = {isa = PBXBuildFile; fileRef = 872D95871573AB5600BCB4EC /* SSPullToRefreshSimpleContentView.m */; };
		872D958C1573AB5600BCB4EC /* SSPullToRefreshView.m in Sources */ = {isa = PBXBuildFile; fileRef = 872D95891573AB5600BCB4EC /* SSPullToRefreshView.m */; };
		8744AD921589CD8500D77917 /* SSPullToRefreshView+Kolyvan.m in Sources */ = {isa = PBXBuildFile; fileRef = 8744AD911589CD8500D77917 /* SSPullToRefreshView+Kolyvan.m */; };
		87546F27157C888000DE58DD /* CommentCell.m in Sources */ = {isa = PBXBuildFile; fileRef = 87546F26157C888000DE58DD /* CommentCell.m */; };
		87546F2B157C895C00DE58DD /* TextLine.m in Sources */ = {isa = PBXBuildFile; fileRef = 87546F2A157C895C00DE58DD /* TextLine.m */; };
		87546F2E157C8A7200DE58DD /* SamLibComment+IOS.m in Sources */ = {isa = PBXBuildFile; fileRef = 87546F2D157C8A7200DE58DD /* SamLibComment+IOS.m */; };
		87546F32157C98B900DE58DD /* PostViewController.m in Sources */ = {isa = PBXBuildFile; fileRef = 87546F30157C98B800DE58DD /* PostViewController.m */; };
		87546F33157C98B900DE58DD /* PostViewController.xib in Resources */ = {isa = PBXBuildFile; fileRef = 87546F31157C98B800DE58DD /* PostViewController.xib */; };
		87546F44157CB21300DE58DD /* UserViewController.m in Sources */ = {isa = PBXBuildFile; fileRef = 87546F42157CB21200DE58DD /* UserViewController.m */; };
		87546F45157CB21300DE58DD /* UserViewController.xib in Resources */ = {isa = PBXBuildFile; fileRef = 87546F43157CB21200DE58DD /* UserViewController.xib */; };
		8776CA2C157738670099C83D /* TableViewControllerEx.m in Sources */ = {isa = PBXBuildFile; fileRef = 8776CA2B157738670099C83D /* TableViewControllerEx.m */; };
		8776CA34157751D50099C83D /* text.css in Resources */ = {isa = PBXBuildFile; fileRef = 8776CA32157751D50099C83D /* text.css */; };
		8776CA35157751D50099C83D /* text.html in Resources */ = {isa = PBXBuildFile; fileRef = 8776CA33157751D50099C83D /* text.html */; };
		8776CA39157756820099C83D /* TextReadViewController.m in Sources */ = {isa = PBXBuildFile; fileRef = 8776CA37157756820099C83D /* TextReadViewController.m */; };
		8776CA3A157756820099C83D /* TextReadViewController.xib in Resources */ = {isa = PBXBuildFile; fileRef = 8776CA38157756820099C83D /* TextReadViewController.xib */; };
		8776CA3E157763890099C83D /* CommentsViewController.m in Sources */ = {isa = PBXBuildFile; fileRef = 8776CA3C157763890099C83D /* CommentsViewController.m */; };
		8776CA3F157763890099C83D /* CommentsViewController.xib in Resources */ = {isa = PBXBuildFile; fileRef = 8776CA3D157763890099C83D /* CommentsViewController.xib */; };
		8776CA42157767460099C83D /* UIFont+Kolyvan.m in Sources */ = {isa = PBXBuildFile; fileRef = 8776CA41157767460099C83D /* UIFont+Kolyvan.m */; };
		8776CA4615776EC50099C83D /* FavoritesViewController.m in Sources */ = {isa = PBXBuildFile; fileRef = 8776CA4415776EC50099C83D /* FavoritesViewController.m */; };
		8776CA4715776EC50099C83D /* FavoritesViewController.xib in Resources */ = {isa = PBXBuildFile; fileRef = 8776CA4515776EC50099C83D /* FavoritesViewController.xib */; };
		87E230AC158B0AC70074EBF1 /* TextGroupViewController.m in Sources */ = {isa = PBXBuildFile; fileRef = 87E230AA158B0AC70074EBF1 /* TextGroupViewController.m */; };
		87E230AD158B0AC70074EBF1 /* TextGroupViewController.xib in Resources */ = {isa = PBXBuildFile; fileRef = 87E230AB158B0AC70074EBF1 /* TextGroupViewController.xib */; };
		87E230B0158B1D490074EBF1 /* download.png in Resources */ = {isa = PBXBuildFile; fileRef = 87E230AF158B1D490074EBF1 /* download.png */; };
		87E230C0158B5A600074EBF1 /* AuthorInfoViewController.m in Sources */ = {isa = PBXBuildFile; fileRef = 87E230BE158B5A600074EBF1 /* AuthorInfoViewController.m */; };
		87E230C1158B5A600074EBF1 /* AuthorInfoViewController.xib in Resources */ = {isa = PBXBuildFile; fileRef = 87E230BF158B5A600074EBF1 /* AuthorInfoViewController.xib */; };
		87EE1E5315885C130015BA99 /* VoteViewController.m in Sources */ = {isa = PBXBuildFile; fileRef = 87EE1E5115885C130015BA99 /* VoteViewController.m */; };
		87EE1E5415885C130015BA99 /* VoteViewController.xib in Resources */ = {isa = PBXBuildFile; fileRef = 87EE1E5215885C130015BA99 /* VoteViewController.xib */; };
		87EE1E5815886C9F0015BA99 /* VotedViewController.m in Sources */ = {isa = PBXBuildFile; fileRef = 87EE1E5615886C9F0015BA99 /* VotedViewController.m */; };
		87EE1E5915886C9F0015BA99 /* VotedViewController.xib in Resources */ = {isa = PBXBuildFile; fileRef = 87EE1E5715886C9F0015BA99 /* VotedViewController.xib */; };
		87F0668C158C4CB400694FAC /* delete.png in Resources */ = {isa = PBXBuildFile; fileRef = 87F0668B158C4CB400694FAC /* delete.png */; };
		87F06694158C5F1C00694FAC /* UIColor+Kolyvan.m in Sources */ = {isa = PBXBuildFile; fileRef = 87F06693158C5F1C00694FAC /* UIColor+Kolyvan.m */; };
		87F06696158C61AE00694FAC /* trash.png in Resources */ = {isa = PBXBuildFile; fileRef = 87F06695158C61AE00694FAC /* trash.png */; };
		87F0669A158C63B200694FAC /* new-brown.png in Resources */ = {isa = PBXBuildFile; fileRef = 87F06697158C63B200694FAC /* new-brown.png */; };
		87F0669B158C63B200694FAC /* new-gray.png in Resources */ = {isa = PBXBuildFile; fileRef = 87F06698158C63B200694FAC /* new-gray.png */; };
		87F0669C158C63B200694FAC /* new-red.png in Resources */ = {isa = PBXBuildFile; fileRef = 87F06699158C63B200694FAC /* new-red.png */; };
/* End PBXBuildFile section */

/* Begin PBXFileReference section */
		870BA4571574F04400B71E07 /* FastCell.h */ = {isa = PBXFileReference; fileEncoding = 4; lastKnownFileType = sourcecode.c.h; name = FastCell.h; path = vendors/FastCell.h; sourceTree = "<group>"; };
		870BA4581574F04400B71E07 /* FastCell.m */ = {isa = PBXFileReference; fileEncoding = 4; lastKnownFileType = sourcecode.c.objc; name = FastCell.m; path = vendors/FastCell.m; sourceTree = "<group>"; };
		870BA45B1575009600B71E07 /* favorite-off.png */ = {isa = PBXFileReference; lastKnownFileType = image.png; name = "favorite-off.png"; path = "resources/favorite-off.png"; sourceTree = "<group>"; };
		870BA45C1575009600B71E07 /* favorite.png */ = {isa = PBXFileReference; lastKnownFileType = image.png; name = favorite.png; path = resources/favorite.png; sourceTree = "<group>"; };
		870BA45F15750A2600B71E07 /* comment.png */ = {isa = PBXFileReference; lastKnownFileType = image.png; name = comment.png; path = resources/comment.png; sourceTree = "<group>"; };
		870BA46015750A2600B71E07 /* new.png */ = {isa = PBXFileReference; lastKnownFileType = image.png; name = new.png; path = resources/new.png; sourceTree = "<group>"; };
		870BA467157515F500B71E07 /* SamLibText+IOS.h */ = {isa = PBXFileReference; fileEncoding = 4; lastKnownFileType = sourcecode.c.h; path = "SamLibText+IOS.h"; sourceTree = "<group>"; };
		870BA468157515F500B71E07 /* SamLibText+IOS.m */ = {isa = PBXFileReference; fileEncoding = 4; lastKnownFileType = sourcecode.c.objc; path = "SamLibText+IOS.m"; sourceTree = "<group>"; };
		8712FF9115749A3800C01283 /* SamLibAuthor+IOS.h */ = {isa = PBXFileReference; fileEncoding = 4; lastKnownFileType = sourcecode.c.h; path = "SamLibAuthor+IOS.h"; sourceTree = "<group>"; };
		8712FF9215749A3800C01283 /* SamLibAuthor+IOS.m */ = {isa = PBXFileReference; fileEncoding = 4; lastKnownFileType = sourcecode.c.objc; path = "SamLibAuthor+IOS.m"; sourceTree = "<group>"; };
		8712FF9415749D7D00C01283 /* failure.png */ = {isa = PBXFileReference; lastKnownFileType = image.png; name = failure.png; path = resources/failure.png; sourceTree = "<group>"; };
		8712FF9615749DE400C01283 /* success.png */ = {isa = PBXFileReference; lastKnownFileType = image.png; name = success.png; path = resources/success.png; sourceTree = "<group>"; };
		8712FF981574A02B00C01283 /* NewAuthorViewController.h */ = {isa = PBXFileReference; fileEncoding = 4; lastKnownFileType = sourcecode.c.h; path = NewAuthorViewController.h; sourceTree = "<group>"; };
		8712FF991574A02B00C01283 /* NewAuthorViewController.m */ = {isa = PBXFileReference; fileEncoding = 4; lastKnownFileType = sourcecode.c.objc; path = NewAuthorViewController.m; sourceTree = "<group>"; };
		8712FFAD1574C02700C01283 /* NewAuthorViewController.xib */ = {isa = PBXFileReference; lastKnownFileType = file.xib; path = NewAuthorViewController.xib; sourceTree = "<group>"; };
		8712FFBC1574D8D300C01283 /* NoticeView.bundle */ = {isa = PBXFileReference; lastKnownFileType = "wrapper.plug-in"; name = NoticeView.bundle; path = vendors/notice/NoticeView/WBNoticeView/NoticeView.bundle; sourceTree = "<group>"; };
		8712FFBD1574D8D300C01283 /* UILabel+WBExtensions.h */ = {isa = PBXFileReference; fileEncoding = 4; lastKnownFileType = sourcecode.c.h; name = "UILabel+WBExtensions.h"; path = "vendors/notice/NoticeView/WBNoticeView/UILabel+WBExtensions.h"; sourceTree = "<group>"; };
		8712FFBE1574D8D300C01283 /* UILabel+WBExtensions.m */ = {isa = PBXFileReference; fileEncoding = 4; lastKnownFileType = sourcecode.c.objc; name = "UILabel+WBExtensions.m"; path = "vendors/notice/NoticeView/WBNoticeView/UILabel+WBExtensions.m"; sourceTree = "<group>"; };
		8712FFBF1574D8D300C01283 /* WBBaseNoticeView.h */ = {isa = PBXFileReference; fileEncoding = 4; lastKnownFileType = sourcecode.c.h; name = WBBaseNoticeView.h; path = vendors/notice/NoticeView/WBNoticeView/WBBaseNoticeView.h; sourceTree = "<group>"; };
		8712FFC01574D8D300C01283 /* WBBaseNoticeView.m */ = {isa = PBXFileReference; fileEncoding = 4; lastKnownFileType = sourcecode.c.objc; name = WBBaseNoticeView.m; path = vendors/notice/NoticeView/WBNoticeView/WBBaseNoticeView.m; sourceTree = "<group>"; };
		8712FFC11574D8D300C01283 /* WBErrorNoticeView.h */ = {isa = PBXFileReference; fileEncoding = 4; lastKnownFileType = sourcecode.c.h; name = WBErrorNoticeView.h; path = vendors/notice/NoticeView/WBNoticeView/WBErrorNoticeView.h; sourceTree = "<group>"; };
		8712FFC21574D8D300C01283 /* WBErrorNoticeView.m */ = {isa = PBXFileReference; fileEncoding = 4; lastKnownFileType = sourcecode.c.objc; name = WBErrorNoticeView.m; path = vendors/notice/NoticeView/WBNoticeView/WBErrorNoticeView.m; sourceTree = "<group>"; };
		8712FFC31574D8D300C01283 /* WBNoticeView_Private.h */ = {isa = PBXFileReference; fileEncoding = 4; lastKnownFileType = sourcecode.c.h; name = WBNoticeView_Private.h; path = vendors/notice/NoticeView/WBNoticeView/WBNoticeView_Private.h; sourceTree = "<group>"; };
		8712FFC41574D8D300C01283 /* WBNoticeView.h */ = {isa = PBXFileReference; fileEncoding = 4; lastKnownFileType = sourcecode.c.h; name = WBNoticeView.h; path = vendors/notice/NoticeView/WBNoticeView/WBNoticeView.h; sourceTree = "<group>"; };
		8712FFC51574D8D300C01283 /* WBNoticeView.m */ = {isa = PBXFileReference; fileEncoding = 4; lastKnownFileType = sourcecode.c.objc; name = WBNoticeView.m; path = vendors/notice/NoticeView/WBNoticeView/WBNoticeView.m; sourceTree = "<group>"; };
		8712FFC61574D8D300C01283 /* WBSuccessNoticeView.h */ = {isa = PBXFileReference; fileEncoding = 4; lastKnownFileType = sourcecode.c.h; name = WBSuccessNoticeView.h; path = vendors/notice/NoticeView/WBNoticeView/WBSuccessNoticeView.h; sourceTree = "<group>"; };
		8712FFC71574D8D300C01283 /* WBSuccessNoticeView.m */ = {isa = PBXFileReference; fileEncoding = 4; lastKnownFileType = sourcecode.c.objc; name = WBSuccessNoticeView.m; path = vendors/notice/NoticeView/WBNoticeView/WBSuccessNoticeView.m; sourceTree = "<group>"; };
		8712FFCE1574DA7900C01283 /* AuthorViewController.h */ = {isa = PBXFileReference; fileEncoding = 4; lastKnownFileType = sourcecode.c.h; path = AuthorViewController.h; sourceTree = "<group>"; };
		8712FFCF1574DA7900C01283 /* AuthorViewController.m */ = {isa = PBXFileReference; fileEncoding = 4; lastKnownFileType = sourcecode.c.objc; path = AuthorViewController.m; sourceTree = "<group>"; };
		8712FFD01574DA7900C01283 /* AuthorViewController.xib */ = {isa = PBXFileReference; fileEncoding = 4; lastKnownFileType = file.xib; path = AuthorViewController.xib; sourceTree = "<group>"; };
		8712FFD31574E65500C01283 /* TextViewController.h */ = {isa = PBXFileReference; fileEncoding = 4; lastKnownFileType = sourcecode.c.h; path = TextViewController.h; sourceTree = "<group>"; };
		8712FFD41574E65500C01283 /* TextViewController.m */ = {isa = PBXFileReference; fileEncoding = 4; lastKnownFileType = sourcecode.c.objc; path = TextViewController.m; sourceTree = "<group>"; };
		8712FFD51574E65500C01283 /* TextViewController.xib */ = {isa = PBXFileReference; fileEncoding = 4; lastKnownFileType = file.xib; path = TextViewController.xib; sourceTree = "<group>"; };
		8712FFD81574E84900C01283 /* round_back.png */ = {isa = PBXFileReference; lastKnownFileType = image.png; name = round_back.png; path = resources/round_back.png; sourceTree = "<group>"; };
		8712FFD91574E84900C01283 /* round_back@2x.png */ = {isa = PBXFileReference; lastKnownFileType = image.png; name = "round_back@2x.png"; path = "resources/round_back@2x.png"; sourceTree = "<group>"; };
		8712FFDC1574E8D000C01283 /* back.png */ = {isa = PBXFileReference; lastKnownFileType = image.png; name = back.png; path = resources/back.png; sourceTree = "<group>"; };
		8712FFDD1574E8D000C01283 /* back@2x.png */ = {isa = PBXFileReference; lastKnownFileType = image.png; name = "back@2x.png"; path = "resources/back@2x.png"; sourceTree = "<group>"; };
		872D942F15737B0400BCB4EC /* iSamizdat.app */ = {isa = PBXFileReference; explicitFileType = wrapper.application; includeInIndex = 0; path = iSamizdat.app; sourceTree = BUILT_PRODUCTS_DIR; };
		872D943315737B0400BCB4EC /* UIKit.framework */ = {isa = PBXFileReference; lastKnownFileType = wrapper.framework; name = UIKit.framework; path = System/Library/Frameworks/UIKit.framework; sourceTree = SDKROOT; };
		872D943515737B0400BCB4EC /* Foundation.framework */ = {isa = PBXFileReference; lastKnownFileType = wrapper.framework; name = Foundation.framework; path = System/Library/Frameworks/Foundation.framework; sourceTree = SDKROOT; };
		872D943715737B0400BCB4EC /* CoreGraphics.framework */ = {isa = PBXFileReference; lastKnownFileType = wrapper.framework; name = CoreGraphics.framework; path = System/Library/Frameworks/CoreGraphics.framework; sourceTree = SDKROOT; };
		872D943B15737B0400BCB4EC /* iSamizdat-Info.plist */ = {isa = PBXFileReference; lastKnownFileType = text.plist.xml; path = "iSamizdat-Info.plist"; sourceTree = "<group>"; };
		872D943D15737B0400BCB4EC /* en */ = {isa = PBXFileReference; lastKnownFileType = text.plist.strings; name = en; path = en.lproj/InfoPlist.strings; sourceTree = "<group>"; };
		872D943F15737B0400BCB4EC /* main.m */ = {isa = PBXFileReference; lastKnownFileType = sourcecode.c.objc; path = main.m; sourceTree = "<group>"; };
		872D944115737B0400BCB4EC /* iSamizdat-Prefix.pch */ = {isa = PBXFileReference; lastKnownFileType = sourcecode.c.h; path = "iSamizdat-Prefix.pch"; sourceTree = "<group>"; };
		872D944215737B0400BCB4EC /* AppDelegate.h */ = {isa = PBXFileReference; lastKnownFileType = sourcecode.c.h; path = AppDelegate.h; sourceTree = "<group>"; };
		872D944315737B0400BCB4EC /* AppDelegate.m */ = {isa = PBXFileReference; lastKnownFileType = sourcecode.c.objc; path = AppDelegate.m; sourceTree = "<group>"; };
		872D944515737B0400BCB4EC /* MainViewController.h */ = {isa = PBXFileReference; lastKnownFileType = sourcecode.c.h; path = MainViewController.h; sourceTree = "<group>"; };
		872D944615737B0400BCB4EC /* MainViewController.m */ = {isa = PBXFileReference; lastKnownFileType = sourcecode.c.objc; path = MainViewController.m; sourceTree = "<group>"; };
		872D944C15737B0400BCB4EC /* en */ = {isa = PBXFileReference; lastKnownFileType = file.xib; name = en; path = en.lproj/MainViewController.xib; sourceTree = "<group>"; };
		872D945D15737E7900BCB4EC /* KxArc.h */ = {isa = PBXFileReference; fileEncoding = 4; lastKnownFileType = sourcecode.c.h; path = KxArc.h; sourceTree = "<group>"; };
		872D945E15737E7900BCB4EC /* KxCast.h */ = {isa = PBXFileReference; fileEncoding = 4; lastKnownFileType = sourcecode.c.h; path = KxCast.h; sourceTree = "<group>"; };
		872D945F15737E7900BCB4EC /* KxCast.m */ = {isa = PBXFileReference; fileEncoding = 4; lastKnownFileType = sourcecode.c.objc; path = KxCast.m; sourceTree = "<group>"; };
		872D946015737E7900BCB4EC /* KxConsole.h */ = {isa = PBXFileReference; fileEncoding = 4; lastKnownFileType = sourcecode.c.h; path = KxConsole.h; sourceTree = "<group>"; };
		872D946115737E7900BCB4EC /* KxConsole.m */ = {isa = PBXFileReference; fileEncoding = 4; lastKnownFileType = sourcecode.c.objc; path = KxConsole.m; sourceTree = "<group>"; };
		872D946215737E7900BCB4EC /* KxList.h */ = {isa = PBXFileReference; fileEncoding = 4; lastKnownFileType = sourcecode.c.h; path = KxList.h; sourceTree = "<group>"; };
		872D946315737E7900BCB4EC /* KxList.m */ = {isa = PBXFileReference; fileEncoding = 4; lastKnownFileType = sourcecode.c.objc; path = KxList.m; sourceTree = "<group>"; };
		872D946415737E7900BCB4EC /* KxMacros.h */ = {isa = PBXFileReference; fileEncoding = 4; lastKnownFileType = sourcecode.c.h; path = KxMacros.h; sourceTree = "<group>"; };
		872D946515737E7900BCB4EC /* KxTuple2.h */ = {isa = PBXFileReference; fileEncoding = 4; lastKnownFileType = sourcecode.c.h; path = KxTuple2.h; sourceTree = "<group>"; };
		872D946615737E7900BCB4EC /* KxTuple2.m */ = {isa = PBXFileReference; fileEncoding = 4; lastKnownFileType = sourcecode.c.objc; path = KxTuple2.m; sourceTree = "<group>"; };
		872D946715737E7900BCB4EC /* KxUtils.h */ = {isa = PBXFileReference; fileEncoding = 4; lastKnownFileType = sourcecode.c.h; path = KxUtils.h; sourceTree = "<group>"; };
		872D946815737E7900BCB4EC /* KxUtils.m */ = {isa = PBXFileReference; fileEncoding = 4; lastKnownFileType = sourcecode.c.objc; path = KxUtils.m; sourceTree = "<group>"; };
		872D946915737E7900BCB4EC /* NSArray+Kolyvan.h */ = {isa = PBXFileReference; fileEncoding = 4; lastKnownFileType = sourcecode.c.h; path = "NSArray+Kolyvan.h"; sourceTree = "<group>"; };
		872D946A15737E7900BCB4EC /* NSArray+Kolyvan.m */ = {isa = PBXFileReference; fileEncoding = 4; lastKnownFileType = sourcecode.c.objc; path = "NSArray+Kolyvan.m"; sourceTree = "<group>"; };
		872D946B15737E7900BCB4EC /* NSData+Kolyvan.h */ = {isa = PBXFileReference; fileEncoding = 4; lastKnownFileType = sourcecode.c.h; path = "NSData+Kolyvan.h"; sourceTree = "<group>"; };
		872D946C15737E7900BCB4EC /* NSData+Kolyvan.m */ = {isa = PBXFileReference; fileEncoding = 4; lastKnownFileType = sourcecode.c.objc; path = "NSData+Kolyvan.m"; sourceTree = "<group>"; };
		872D946D15737E7900BCB4EC /* NSDate+Kolyvan.h */ = {isa = PBXFileReference; fileEncoding = 4; lastKnownFileType = sourcecode.c.h; path = "NSDate+Kolyvan.h"; sourceTree = "<group>"; };
		872D946E15737E7900BCB4EC /* NSDate+Kolyvan.m */ = {isa = PBXFileReference; fileEncoding = 4; lastKnownFileType = sourcecode.c.objc; path = "NSDate+Kolyvan.m"; sourceTree = "<group>"; };
		872D946F15737E7900BCB4EC /* NSDictionary+Kolyvan.h */ = {isa = PBXFileReference; fileEncoding = 4; lastKnownFileType = sourcecode.c.h; path = "NSDictionary+Kolyvan.h"; sourceTree = "<group>"; };
		872D947015737E7900BCB4EC /* NSDictionary+Kolyvan.m */ = {isa = PBXFileReference; fileEncoding = 4; lastKnownFileType = sourcecode.c.objc; path = "NSDictionary+Kolyvan.m"; sourceTree = "<group>"; };
		872D947115737E7900BCB4EC /* NSObject+Kolyvan.h */ = {isa = PBXFileReference; fileEncoding = 4; lastKnownFileType = sourcecode.c.h; path = "NSObject+Kolyvan.h"; sourceTree = "<group>"; };
		872D947215737E7900BCB4EC /* NSObject+Kolyvan.m */ = {isa = PBXFileReference; fileEncoding = 4; lastKnownFileType = sourcecode.c.objc; path = "NSObject+Kolyvan.m"; sourceTree = "<group>"; };
		872D947315737E7900BCB4EC /* NSString+Kolyvan.h */ = {isa = PBXFileReference; fileEncoding = 4; lastKnownFileType = sourcecode.c.h; path = "NSString+Kolyvan.h"; sourceTree = "<group>"; };
		872D947415737E7900BCB4EC /* NSString+Kolyvan.m */ = {isa = PBXFileReference; fileEncoding = 4; lastKnownFileType = sourcecode.c.objc; path = "NSString+Kolyvan.m"; sourceTree = "<group>"; };
		872D94861573836500BCB4EC /* AFHTTPClient+Kolyvan.h */ = {isa = PBXFileReference; fileEncoding = 4; lastKnownFileType = sourcecode.c.h; path = "AFHTTPClient+Kolyvan.h"; sourceTree = "<group>"; };
		872D94871573836500BCB4EC /* AFHTTPClient+Kolyvan.m */ = {isa = PBXFileReference; fileEncoding = 4; lastKnownFileType = sourcecode.c.objc; path = "AFHTTPClient+Kolyvan.m"; sourceTree = "<group>"; };
		872D94881573836500BCB4EC /* SamLib.h */ = {isa = PBXFileReference; fileEncoding = 4; lastKnownFileType = sourcecode.c.h; path = SamLib.h; sourceTree = "<group>"; };
		872D94891573836500BCB4EC /* SamLib.m */ = {isa = PBXFileReference; fileEncoding = 4; lastKnownFileType = sourcecode.c.objc; path = SamLib.m; sourceTree = "<group>"; };
		872D948A1573836500BCB4EC /* SamLibAgent.h */ = {isa = PBXFileReference; fileEncoding = 4; lastKnownFileType = sourcecode.c.h; path = SamLibAgent.h; sourceTree = "<group>"; };
		872D948B1573836500BCB4EC /* SamLibAgent.m */ = {isa = PBXFileReference; fileEncoding = 4; lastKnownFileType = sourcecode.c.objc; path = SamLibAgent.m; sourceTree = "<group>"; };
		872D948C1573836500BCB4EC /* SamLibAuthor.h */ = {isa = PBXFileReference; fileEncoding = 4; lastKnownFileType = sourcecode.c.h; path = SamLibAuthor.h; sourceTree = "<group>"; };
		872D948D1573836500BCB4EC /* SamLibAuthor.m */ = {isa = PBXFileReference; fileEncoding = 4; lastKnownFileType = sourcecode.c.objc; path = SamLibAuthor.m; sourceTree = "<group>"; };
		872D948E1573836500BCB4EC /* SamLibComments.h */ = {isa = PBXFileReference; fileEncoding = 4; lastKnownFileType = sourcecode.c.h; path = SamLibComments.h; sourceTree = "<group>"; };
		872D948F1573836500BCB4EC /* SamLibComments.m */ = {isa = PBXFileReference; fileEncoding = 4; lastKnownFileType = sourcecode.c.objc; path = SamLibComments.m; sourceTree = "<group>"; };
		872D94901573836500BCB4EC /* SamLibModel.h */ = {isa = PBXFileReference; fileEncoding = 4; lastKnownFileType = sourcecode.c.h; path = SamLibModel.h; sourceTree = "<group>"; };
		872D94911573836500BCB4EC /* SamLibModel.m */ = {isa = PBXFileReference; fileEncoding = 4; lastKnownFileType = sourcecode.c.objc; path = SamLibModel.m; sourceTree = "<group>"; };
		872D94921573836500BCB4EC /* SamLibParser.h */ = {isa = PBXFileReference; fileEncoding = 4; lastKnownFileType = sourcecode.c.h; path = SamLibParser.h; sourceTree = "<group>"; };
		872D94931573836500BCB4EC /* SamLibParser.m */ = {isa = PBXFileReference; fileEncoding = 4; lastKnownFileType = sourcecode.c.objc; path = SamLibParser.m; sourceTree = "<group>"; };
		872D94941573836500BCB4EC /* SamLibText.h */ = {isa = PBXFileReference; fileEncoding = 4; lastKnownFileType = sourcecode.c.h; path = SamLibText.h; sourceTree = "<group>"; };
		872D94951573836500BCB4EC /* SamLibText.m */ = {isa = PBXFileReference; fileEncoding = 4; lastKnownFileType = sourcecode.c.objc; path = SamLibText.m; sourceTree = "<group>"; };
		872D94961573836500BCB4EC /* SamLibUser.h */ = {isa = PBXFileReference; fileEncoding = 4; lastKnownFileType = sourcecode.c.h; path = SamLibUser.h; sourceTree = "<group>"; };
		872D94971573836500BCB4EC /* SamLibUser.m */ = {isa = PBXFileReference; fileEncoding = 4; lastKnownFileType = sourcecode.c.objc; path = SamLibUser.m; sourceTree = "<group>"; };
		872D94B11573857D00BCB4EC /* JSONKit.h */ = {isa = PBXFileReference; fileEncoding = 4; lastKnownFileType = sourcecode.c.h; path = JSONKit.h; sourceTree = "<group>"; };
		872D94B21573857D00BCB4EC /* JSONKit.m */ = {isa = PBXFileReference; fileEncoding = 4; lastKnownFileType = sourcecode.c.objc; path = JSONKit.m; sourceTree = "<group>"; };
		872D95471573868500BCB4EC /* AFHTTPClient.h */ = {isa = PBXFileReference; fileEncoding = 4; lastKnownFileType = sourcecode.c.h; name = AFHTTPClient.h; path = vendors/af/AFNetworking/AFHTTPClient.h; sourceTree = "<group>"; };
		872D95481573868500BCB4EC /* AFHTTPClient.m */ = {isa = PBXFileReference; fileEncoding = 4; lastKnownFileType = sourcecode.c.objc; name = AFHTTPClient.m; path = vendors/af/AFNetworking/AFHTTPClient.m; sourceTree = "<group>"; };
		872D95491573868500BCB4EC /* AFHTTPRequestOperation.h */ = {isa = PBXFileReference; fileEncoding = 4; lastKnownFileType = sourcecode.c.h; name = AFHTTPRequestOperation.h; path = vendors/af/AFNetworking/AFHTTPRequestOperation.h; sourceTree = "<group>"; };
		872D954A1573868500BCB4EC /* AFHTTPRequestOperation.m */ = {isa = PBXFileReference; fileEncoding = 4; lastKnownFileType = sourcecode.c.objc; name = AFHTTPRequestOperation.m; path = vendors/af/AFNetworking/AFHTTPRequestOperation.m; sourceTree = "<group>"; };
		872D954B1573868500BCB4EC /* AFJSONUtilities.h */ = {isa = PBXFileReference; fileEncoding = 4; lastKnownFileType = sourcecode.c.h; name = AFJSONUtilities.h; path = vendors/af/AFNetworking/AFJSONUtilities.h; sourceTree = "<group>"; };
		872D954C1573868500BCB4EC /* AFJSONUtilities.m */ = {isa = PBXFileReference; fileEncoding = 4; lastKnownFileType = sourcecode.c.objc; name = AFJSONUtilities.m; path = vendors/af/AFNetworking/AFJSONUtilities.m; sourceTree = "<group>"; };
		872D954D1573868500BCB4EC /* AFURLConnectionOperation.h */ = {isa = PBXFileReference; fileEncoding = 4; lastKnownFileType = sourcecode.c.h; name = AFURLConnectionOperation.h; path = vendors/af/AFNetworking/AFURLConnectionOperation.h; sourceTree = "<group>"; };
		872D954E1573868500BCB4EC /* AFURLConnectionOperation.m */ = {isa = PBXFileReference; fileEncoding = 4; lastKnownFileType = sourcecode.c.objc; name = AFURLConnectionOperation.m; path = vendors/af/AFNetworking/AFURLConnectionOperation.m; sourceTree = "<group>"; };
		872D9554157386B100BCB4EC /* DDFileLogger.h */ = {isa = PBXFileReference; fileEncoding = 4; lastKnownFileType = sourcecode.c.h; name = DDFileLogger.h; path = vendors/logger/Lumberjack/DDFileLogger.h; sourceTree = "<group>"; };
		872D9555157386B100BCB4EC /* DDFileLogger.m */ = {isa = PBXFileReference; fileEncoding = 4; lastKnownFileType = sourcecode.c.objc; name = DDFileLogger.m; path = vendors/logger/Lumberjack/DDFileLogger.m; sourceTree = "<group>"; };
		872D9556157386B100BCB4EC /* DDLog.h */ = {isa = PBXFileReference; fileEncoding = 4; lastKnownFileType = sourcecode.c.h; name = DDLog.h; path = vendors/logger/Lumberjack/DDLog.h; sourceTree = "<group>"; };
		872D9557157386B100BCB4EC /* DDLog.m */ = {isa = PBXFileReference; fileEncoding = 4; lastKnownFileType = sourcecode.c.objc; name = DDLog.m; path = vendors/logger/Lumberjack/DDLog.m; sourceTree = "<group>"; };
		872D9558157386B100BCB4EC /* DDTTYLogger.h */ = {isa = PBXFileReference; fileEncoding = 4; lastKnownFileType = sourcecode.c.h; name = DDTTYLogger.h; path = vendors/logger/Lumberjack/DDTTYLogger.h; sourceTree = "<group>"; };
		872D9559157386B100BCB4EC /* DDTTYLogger.m */ = {isa = PBXFileReference; fileEncoding = 4; lastKnownFileType = sourcecode.c.objc; name = DDTTYLogger.m; path = vendors/logger/Lumberjack/DDTTYLogger.m; sourceTree = "<group>"; };
		872D95641573876C00BCB4EC /* SSKeychain.h */ = {isa = PBXFileReference; fileEncoding = 4; lastKnownFileType = sourcecode.c.h; name = SSKeychain.h; path = vendors/keychain/SSKeychain.h; sourceTree = "<group>"; };
		872D95651573876C00BCB4EC /* SSKeychain.m */ = {isa = PBXFileReference; fileEncoding = 4; lastKnownFileType = sourcecode.c.objc; name = SSKeychain.m; path = vendors/keychain/SSKeychain.m; sourceTree = "<group>"; };
		872D9567157387BB00BCB4EC /* Security.framework */ = {isa = PBXFileReference; lastKnownFileType = wrapper.framework; name = Security.framework; path = System/Library/Frameworks/Security.framework; sourceTree = SDKROOT; };
		872D956E1573983A00BCB4EC /* emblem-system.png */ = {isa = PBXFileReference; lastKnownFileType = image.png; name = "emblem-system.png"; path = "resources/emblem-system.png"; sourceTree = "<group>"; };
		872D9570157399D600BCB4EC /* emblem-system@2x.png */ = {isa = PBXFileReference; lastKnownFileType = image.png; name = "emblem-system@2x.png"; path = "resources/emblem-system@2x.png"; sourceTree = "<group>"; };
		872D957515739B1C00BCB4EC /* en */ = {isa = PBXFileReference; lastKnownFileType = text.plist.strings; name = en; path = en.lproj/localizable.strings; sourceTree = "<group>"; };
		872D957715739B2100BCB4EC /* ru */ = {isa = PBXFileReference; lastKnownFileType = text.plist.strings; name = ru; path = ru.lproj/localizable.strings; sourceTree = "<group>"; };
		872D95831573AB5600BCB4EC /* SSPullToRefresh.h */ = {isa = PBXFileReference; fileEncoding = 4; lastKnownFileType = sourcecode.c.h; name = SSPullToRefresh.h; path = vendors/refresh/SSPullToRefresh.h; sourceTree = "<group>"; };
		872D95841573AB5600BCB4EC /* SSPullToRefreshDefaultContentView.h */ = {isa = PBXFileReference; fileEncoding = 4; lastKnownFileType = sourcecode.c.h; name = SSPullToRefreshDefaultContentView.h; path = vendors/refresh/SSPullToRefreshDefaultContentView.h; sourceTree = "<group>"; };
		872D95851573AB5600BCB4EC /* SSPullToRefreshDefaultContentView.m */ = {isa = PBXFileReference; fileEncoding = 4; lastKnownFileType = sourcecode.c.objc; name = SSPullToRefreshDefaultContentView.m; path = vendors/refresh/SSPullToRefreshDefaultContentView.m; sourceTree = "<group>"; };
		872D95861573AB5600BCB4EC /* SSPullToRefreshSimpleContentView.h */ = {isa = PBXFileReference; fileEncoding = 4; lastKnownFileType = sourcecode.c.h; name = SSPullToRefreshSimpleContentView.h; path = vendors/refresh/SSPullToRefreshSimpleContentView.h; sourceTree = "<group>"; };
		872D95871573AB5600BCB4EC /* SSPullToRefreshSimpleContentView.m */ = {isa = PBXFileReference; fileEncoding = 4; lastKnownFileType = sourcecode.c.objc; name = SSPullToRefreshSimpleContentView.m; path = vendors/refresh/SSPullToRefreshSimpleContentView.m; sourceTree = "<group>"; };
		872D95881573AB5600BCB4EC /* SSPullToRefreshView.h */ = {isa = PBXFileReference; fileEncoding = 4; lastKnownFileType = sourcecode.c.h; name = SSPullToRefreshView.h; path = vendors/refresh/SSPullToRefreshView.h; sourceTree = "<group>"; };
		872D95891573AB5600BCB4EC /* SSPullToRefreshView.m */ = {isa = PBXFileReference; fileEncoding = 4; lastKnownFileType = sourcecode.c.objc; name = SSPullToRefreshView.m; path = vendors/refresh/SSPullToRefreshView.m; sourceTree = "<group>"; };
		8744AD901589CD8500D77917 /* SSPullToRefreshView+Kolyvan.h */ = {isa = PBXFileReference; fileEncoding = 4; lastKnownFileType = sourcecode.c.h; path = "SSPullToRefreshView+Kolyvan.h"; sourceTree = "<group>"; };
		8744AD911589CD8500D77917 /* SSPullToRefreshView+Kolyvan.m */ = {isa = PBXFileReference; fileEncoding = 4; lastKnownFileType = sourcecode.c.objc; path = "SSPullToRefreshView+Kolyvan.m"; sourceTree = "<group>"; };
		87546F25157C888000DE58DD /* CommentCell.h */ = {isa = PBXFileReference; fileEncoding = 4; lastKnownFileType = sourcecode.c.h; path = CommentCell.h; sourceTree = "<group>"; };
		87546F26157C888000DE58DD /* CommentCell.m */ = {isa = PBXFileReference; fileEncoding = 4; lastKnownFileType = sourcecode.c.objc; path = CommentCell.m; sourceTree = "<group>"; };
		87546F29157C895C00DE58DD /* TextLine.h */ = {isa = PBXFileReference; fileEncoding = 4; lastKnownFileType = sourcecode.c.h; path = TextLine.h; sourceTree = "<group>"; };
		87546F2A157C895C00DE58DD /* TextLine.m */ = {isa = PBXFileReference; fileEncoding = 4; lastKnownFileType = sourcecode.c.objc; path = TextLine.m; sourceTree = "<group>"; };
		87546F2C157C8A7200DE58DD /* SamLibComment+IOS.h */ = {isa = PBXFileReference; fileEncoding = 4; lastKnownFileType = sourcecode.c.h; path = "SamLibComment+IOS.h"; sourceTree = "<group>"; };
		87546F2D157C8A7200DE58DD /* SamLibComment+IOS.m */ = {isa = PBXFileReference; fileEncoding = 4; lastKnownFileType = sourcecode.c.objc; path = "SamLibComment+IOS.m"; sourceTree = "<group>"; };
		87546F2F157C98B800DE58DD /* PostViewController.h */ = {isa = PBXFileReference; fileEncoding = 4; lastKnownFileType = sourcecode.c.h; path = PostViewController.h; sourceTree = "<group>"; };
		87546F30157C98B800DE58DD /* PostViewController.m */ = {isa = PBXFileReference; fileEncoding = 4; lastKnownFileType = sourcecode.c.objc; path = PostViewController.m; sourceTree = "<group>"; };
		87546F31157C98B800DE58DD /* PostViewController.xib */ = {isa = PBXFileReference; fileEncoding = 4; lastKnownFileType = file.xib; path = PostViewController.xib; sourceTree = "<group>"; };
		87546F41157CB21200DE58DD /* UserViewController.h */ = {isa = PBXFileReference; fileEncoding = 4; lastKnownFileType = sourcecode.c.h; path = UserViewController.h; sourceTree = "<group>"; };
		87546F42157CB21200DE58DD /* UserViewController.m */ = {isa = PBXFileReference; fileEncoding = 4; lastKnownFileType = sourcecode.c.objc; path = UserViewController.m; sourceTree = "<group>"; };
		87546F43157CB21200DE58DD /* UserViewController.xib */ = {isa = PBXFileReference; fileEncoding = 4; lastKnownFileType = file.xib; path = UserViewController.xib; sourceTree = "<group>"; };
		8776CA2A157738670099C83D /* TableViewControllerEx.h */ = {isa = PBXFileReference; fileEncoding = 4; lastKnownFileType = sourcecode.c.h; path = TableViewControllerEx.h; sourceTree = "<group>"; };
		8776CA2B157738670099C83D /* TableViewControllerEx.m */ = {isa = PBXFileReference; fileEncoding = 4; lastKnownFileType = sourcecode.c.objc; path = TableViewControllerEx.m; sourceTree = "<group>"; };
		8776CA32157751D50099C83D /* text.css */ = {isa = PBXFileReference; fileEncoding = 4; lastKnownFileType = text.css; name = text.css; path = resources/text.css; sourceTree = "<group>"; };
		8776CA33157751D50099C83D /* text.html */ = {isa = PBXFileReference; fileEncoding = 4; lastKnownFileType = text.html; name = text.html; path = resources/text.html; sourceTree = "<group>"; };
		8776CA36157756820099C83D /* TextReadViewController.h */ = {isa = PBXFileReference; fileEncoding = 4; lastKnownFileType = sourcecode.c.h; path = TextReadViewController.h; sourceTree = "<group>"; };
		8776CA37157756820099C83D /* TextReadViewController.m */ = {isa = PBXFileReference; fileEncoding = 4; lastKnownFileType = sourcecode.c.objc; path = TextReadViewController.m; sourceTree = "<group>"; };
		8776CA38157756820099C83D /* TextReadViewController.xib */ = {isa = PBXFileReference; fileEncoding = 4; lastKnownFileType = file.xib; path = TextReadViewController.xib; sourceTree = "<group>"; };
		8776CA3B157763890099C83D /* CommentsViewController.h */ = {isa = PBXFileReference; fileEncoding = 4; lastKnownFileType = sourcecode.c.h; path = CommentsViewController.h; sourceTree = "<group>"; };
		8776CA3C157763890099C83D /* CommentsViewController.m */ = {isa = PBXFileReference; fileEncoding = 4; lastKnownFileType = sourcecode.c.objc; path = CommentsViewController.m; sourceTree = "<group>"; };
		8776CA3D157763890099C83D /* CommentsViewController.xib */ = {isa = PBXFileReference; fileEncoding = 4; lastKnownFileType = file.xib; path = CommentsViewController.xib; sourceTree = "<group>"; };
		8776CA40157767460099C83D /* UIFont+Kolyvan.h */ = {isa = PBXFileReference; fileEncoding = 4; lastKnownFileType = sourcecode.c.h; path = "UIFont+Kolyvan.h"; sourceTree = "<group>"; };
		8776CA41157767460099C83D /* UIFont+Kolyvan.m */ = {isa = PBXFileReference; fileEncoding = 4; lastKnownFileType = sourcecode.c.objc; path = "UIFont+Kolyvan.m"; sourceTree = "<group>"; };
		8776CA4315776EC50099C83D /* FavoritesViewController.h */ = {isa = PBXFileReference; fileEncoding = 4; lastKnownFileType = sourcecode.c.h; path = FavoritesViewController.h; sourceTree = "<group>"; };
		8776CA4415776EC50099C83D /* FavoritesViewController.m */ = {isa = PBXFileReference; fileEncoding = 4; lastKnownFileType = sourcecode.c.objc; path = FavoritesViewController.m; sourceTree = "<group>"; };
		8776CA4515776EC50099C83D /* FavoritesViewController.xib */ = {isa = PBXFileReference; fileEncoding = 4; lastKnownFileType = file.xib; path = FavoritesViewController.xib; sourceTree = "<group>"; };
		87E230A9158B0AC70074EBF1 /* TextGroupViewController.h */ = {isa = PBXFileReference; fileEncoding = 4; lastKnownFileType = sourcecode.c.h; path = TextGroupViewController.h; sourceTree = "<group>"; };
		87E230AA158B0AC70074EBF1 /* TextGroupViewController.m */ = {isa = PBXFileReference; fileEncoding = 4; lastKnownFileType = sourcecode.c.objc; path = TextGroupViewController.m; sourceTree = "<group>"; };
		87E230AB158B0AC70074EBF1 /* TextGroupViewController.xib */ = {isa = PBXFileReference; fileEncoding = 4; lastKnownFileType = file.xib; path = TextGroupViewController.xib; sourceTree = "<group>"; };
		87E230AF158B1D490074EBF1 /* download.png */ = {isa = PBXFileReference; lastKnownFileType = image.png; name = download.png; path = resources/download.png; sourceTree = "<group>"; };
		87E230BD158B5A600074EBF1 /* AuthorInfoViewController.h */ = {isa = PBXFileReference; fileEncoding = 4; lastKnownFileType = sourcecode.c.h; path = AuthorInfoViewController.h; sourceTree = "<group>"; };
		87E230BE158B5A600074EBF1 /* AuthorInfoViewController.m */ = {isa = PBXFileReference; fileEncoding = 4; lastKnownFileType = sourcecode.c.objc; path = AuthorInfoViewController.m; sourceTree = "<group>"; };
		87E230BF158B5A600074EBF1 /* AuthorInfoViewController.xib */ = {isa = PBXFileReference; fileEncoding = 4; lastKnownFileType = file.xib; path = AuthorInfoViewController.xib; sourceTree = "<group>"; };
		87EE1E5015885C130015BA99 /* VoteViewController.h */ = {isa = PBXFileReference; fileEncoding = 4; lastKnownFileType = sourcecode.c.h; path = VoteViewController.h; sourceTree = "<group>"; };
		87EE1E5115885C130015BA99 /* VoteViewController.m */ = {isa = PBXFileReference; fileEncoding = 4; lastKnownFileType = sourcecode.c.objc; path = VoteViewController.m; sourceTree = "<group>"; };
		87EE1E5215885C130015BA99 /* VoteViewController.xib */ = {isa = PBXFileReference; fileEncoding = 4; lastKnownFileType = file.xib; path = VoteViewController.xib; sourceTree = "<group>"; };
		87EE1E5515886C9F0015BA99 /* VotedViewController.h */ = {isa = PBXFileReference; fileEncoding = 4; lastKnownFileType = sourcecode.c.h; path = VotedViewController.h; sourceTree = "<group>"; };
		87EE1E5615886C9F0015BA99 /* VotedViewController.m */ = {isa = PBXFileReference; fileEncoding = 4; lastKnownFileType = sourcecode.c.objc; path = VotedViewController.m; sourceTree = "<group>"; };
		87EE1E5715886C9F0015BA99 /* VotedViewController.xib */ = {isa = PBXFileReference; fileEncoding = 4; lastKnownFileType = file.xib; path = VotedViewController.xib; sourceTree = "<group>"; };
		87F0668B158C4CB400694FAC /* delete.png */ = {isa = PBXFileReference; lastKnownFileType = image.png; name = delete.png; path = resources/delete.png; sourceTree = "<group>"; };
		87F06692158C5F1C00694FAC /* UIColor+Kolyvan.h */ = {isa = PBXFileReference; fileEncoding = 4; lastKnownFileType = sourcecode.c.h; path = "UIColor+Kolyvan.h"; sourceTree = "<group>"; };
		87F06693158C5F1C00694FAC /* UIColor+Kolyvan.m */ = {isa = PBXFileReference; fileEncoding = 4; lastKnownFileType = sourcecode.c.objc; path = "UIColor+Kolyvan.m"; sourceTree = "<group>"; };
		87F06695158C61AE00694FAC /* trash.png */ = {isa = PBXFileReference; lastKnownFileType = image.png; name = trash.png; path = resources/trash.png; sourceTree = "<group>"; };
		87F06697158C63B200694FAC /* new-brown.png */ = {isa = PBXFileReference; lastKnownFileType = image.png; name = "new-brown.png"; path = "resources/new-brown.png"; sourceTree = "<group>"; };
		87F06698158C63B200694FAC /* new-gray.png */ = {isa = PBXFileReference; lastKnownFileType = image.png; name = "new-gray.png"; path = "resources/new-gray.png"; sourceTree = "<group>"; };
		87F06699158C63B200694FAC /* new-red.png */ = {isa = PBXFileReference; lastKnownFileType = image.png; name = "new-red.png"; path = "resources/new-red.png"; sourceTree = "<group>"; };
/* End PBXFileReference section */

/* Begin PBXFrameworksBuildPhase section */
		872D942C15737B0400BCB4EC /* Frameworks */ = {
			isa = PBXFrameworksBuildPhase;
			buildActionMask = 2147483647;
			files = (
				872D9568157387BB00BCB4EC /* Security.framework in Frameworks */,
				872D943415737B0400BCB4EC /* UIKit.framework in Frameworks */,
				872D943615737B0400BCB4EC /* Foundation.framework in Frameworks */,
				872D943815737B0400BCB4EC /* CoreGraphics.framework in Frameworks */,
			);
			runOnlyForDeploymentPostprocessing = 0;
		};
/* End PBXFrameworksBuildPhase section */

/* Begin PBXGroup section */
		8712FF8C15749A0300C01283 /* category */ = {
			isa = PBXGroup;
			children = (
				8712FF9115749A3800C01283 /* SamLibAuthor+IOS.h */,
				8712FF9215749A3800C01283 /* SamLibAuthor+IOS.m */,
				870BA467157515F500B71E07 /* SamLibText+IOS.h */,
				870BA468157515F500B71E07 /* SamLibText+IOS.m */,
				87546F2C157C8A7200DE58DD /* SamLibComment+IOS.h */,
				87546F2D157C8A7200DE58DD /* SamLibComment+IOS.m */,
				8776CA40157767460099C83D /* UIFont+Kolyvan.h */,
				8776CA41157767460099C83D /* UIFont+Kolyvan.m */,
				8744AD901589CD8500D77917 /* SSPullToRefreshView+Kolyvan.h */,
				8744AD911589CD8500D77917 /* SSPullToRefreshView+Kolyvan.m */,
				87F06692158C5F1C00694FAC /* UIColor+Kolyvan.h */,
				87F06693158C5F1C00694FAC /* UIColor+Kolyvan.m */,
			);
			name = category;
			sourceTree = "<group>";
		};
		8712FFBB1574D8B600C01283 /* notice */ = {
			isa = PBXGroup;
			children = (
				8712FFBC1574D8D300C01283 /* NoticeView.bundle */,
				8712FFBD1574D8D300C01283 /* UILabel+WBExtensions.h */,
				8712FFBE1574D8D300C01283 /* UILabel+WBExtensions.m */,
				8712FFBF1574D8D300C01283 /* WBBaseNoticeView.h */,
				8712FFC01574D8D300C01283 /* WBBaseNoticeView.m */,
				8712FFC11574D8D300C01283 /* WBErrorNoticeView.h */,
				8712FFC21574D8D300C01283 /* WBErrorNoticeView.m */,
				8712FFC31574D8D300C01283 /* WBNoticeView_Private.h */,
				8712FFC41574D8D300C01283 /* WBNoticeView.h */,
				8712FFC51574D8D300C01283 /* WBNoticeView.m */,
				8712FFC61574D8D300C01283 /* WBSuccessNoticeView.h */,
				8712FFC71574D8D300C01283 /* WBSuccessNoticeView.m */,
			);
			name = notice;
			sourceTree = "<group>";
		};
		872D942415737B0400BCB4EC = {
			isa = PBXGroup;
			children = (
				872D956D1573968C00BCB4EC /* resources */,
				872D94AE1573857500BCB4EC /* vendors */,
				872D94851573836500BCB4EC /* samlib */,
				872D945C15737E7900BCB4EC /* kxtools */,
				872D943915737B0400BCB4EC /* iSamizdat */,
				872D943215737B0400BCB4EC /* Frameworks */,
				872D943015737B0400BCB4EC /* Products */,
			);
			sourceTree = "<group>";
		};
		872D943015737B0400BCB4EC /* Products */ = {
			isa = PBXGroup;
			children = (
				872D942F15737B0400BCB4EC /* iSamizdat.app */,
			);
			name = Products;
			sourceTree = "<group>";
		};
		872D943215737B0400BCB4EC /* Frameworks */ = {
			isa = PBXGroup;
			children = (
				872D9567157387BB00BCB4EC /* Security.framework */,
				872D943315737B0400BCB4EC /* UIKit.framework */,
				872D943515737B0400BCB4EC /* Foundation.framework */,
				872D943715737B0400BCB4EC /* CoreGraphics.framework */,
			);
			name = Frameworks;
			sourceTree = "<group>";
		};
		872D943915737B0400BCB4EC /* iSamizdat */ = {
			isa = PBXGroup;
			children = (
				872D943A15737B0400BCB4EC /* Supporting Files */,
				8712FF8C15749A0300C01283 /* category */,
				872D945615737B9500BCB4EC /* views */,
				872D944215737B0400BCB4EC /* AppDelegate.h */,
				872D944315737B0400BCB4EC /* AppDelegate.m */,
				872D944515737B0400BCB4EC /* MainViewController.h */,
				872D944615737B0400BCB4EC /* MainViewController.m */,
				8712FF981574A02B00C01283 /* NewAuthorViewController.h */,
				8712FF991574A02B00C01283 /* NewAuthorViewController.m */,
				87546F41157CB21200DE58DD /* UserViewController.h */,
				87546F42157CB21200DE58DD /* UserViewController.m */,
				8712FFCE1574DA7900C01283 /* AuthorViewController.h */,
				8712FFCF1574DA7900C01283 /* AuthorViewController.m */,
				87E230BD158B5A600074EBF1 /* AuthorInfoViewController.h */,
				87E230BE158B5A600074EBF1 /* AuthorInfoViewController.m */,
				87E230A9158B0AC70074EBF1 /* TextGroupViewController.h */,
				87E230AA158B0AC70074EBF1 /* TextGroupViewController.m */,
				8712FFD31574E65500C01283 /* TextViewController.h */,
				8712FFD41574E65500C01283 /* TextViewController.m */,
				8776CA2A157738670099C83D /* TableViewControllerEx.h */,
				8776CA2B157738670099C83D /* TableViewControllerEx.m */,
				8776CA36157756820099C83D /* TextReadViewController.h */,
				8776CA37157756820099C83D /* TextReadViewController.m */,
				8776CA4315776EC50099C83D /* FavoritesViewController.h */,
				8776CA4415776EC50099C83D /* FavoritesViewController.m */,
				8776CA3B157763890099C83D /* CommentsViewController.h */,
				8776CA3C157763890099C83D /* CommentsViewController.m */,
				87546F2F157C98B800DE58DD /* PostViewController.h */,
				87546F30157C98B800DE58DD /* PostViewController.m */,
				87EE1E5015885C130015BA99 /* VoteViewController.h */,
				87EE1E5115885C130015BA99 /* VoteViewController.m */,
				87EE1E5515886C9F0015BA99 /* VotedViewController.h */,
				87EE1E5615886C9F0015BA99 /* VotedViewController.m */,
				87546F25157C888000DE58DD /* CommentCell.h */,
				87546F26157C888000DE58DD /* CommentCell.m */,
				87546F29157C895C00DE58DD /* TextLine.h */,
				87546F2A157C895C00DE58DD /* TextLine.m */,
			);
			path = iSamizdat;
			sourceTree = "<group>";
		};
		872D943A15737B0400BCB4EC /* Supporting Files */ = {
			isa = PBXGroup;
			children = (
				872D943B15737B0400BCB4EC /* iSamizdat-Info.plist */,
				872D943C15737B0400BCB4EC /* InfoPlist.strings */,
				872D943F15737B0400BCB4EC /* main.m */,
				872D944115737B0400BCB4EC /* iSamizdat-Prefix.pch */,
				872D957615739B1C00BCB4EC /* localizable.strings */,
			);
			name = "Supporting Files";
			sourceTree = "<group>";
		};
		872D945615737B9500BCB4EC /* views */ = {
			isa = PBXGroup;
			children = (
				87E230AB158B0AC70074EBF1 /* TextGroupViewController.xib */,
				87546F43157CB21200DE58DD /* UserViewController.xib */,
				87546F31157C98B800DE58DD /* PostViewController.xib */,
				8776CA4515776EC50099C83D /* FavoritesViewController.xib */,
				8776CA3D157763890099C83D /* CommentsViewController.xib */,
				8776CA38157756820099C83D /* TextReadViewController.xib */,
				8712FFD51574E65500C01283 /* TextViewController.xib */,
				87E230BF158B5A600074EBF1 /* AuthorInfoViewController.xib */,
				8712FFAD1574C02700C01283 /* NewAuthorViewController.xib */,
				872D944B15737B0400BCB4EC /* MainViewController.xib */,
				8712FFD01574DA7900C01283 /* AuthorViewController.xib */,
				87EE1E5215885C130015BA99 /* VoteViewController.xib */,
				87EE1E5715886C9F0015BA99 /* VotedViewController.xib */,
			);
			name = views;
			sourceTree = "<group>";
		};
		872D945C15737E7900BCB4EC /* kxtools */ = {
			isa = PBXGroup;
			children = (
				872D945D15737E7900BCB4EC /* KxArc.h */,
				872D945E15737E7900BCB4EC /* KxCast.h */,
				872D945F15737E7900BCB4EC /* KxCast.m */,
				872D946015737E7900BCB4EC /* KxConsole.h */,
				872D946115737E7900BCB4EC /* KxConsole.m */,
				872D946215737E7900BCB4EC /* KxList.h */,
				872D946315737E7900BCB4EC /* KxList.m */,
				872D946415737E7900BCB4EC /* KxMacros.h */,
				872D946515737E7900BCB4EC /* KxTuple2.h */,
				872D946615737E7900BCB4EC /* KxTuple2.m */,
				872D946715737E7900BCB4EC /* KxUtils.h */,
				872D946815737E7900BCB4EC /* KxUtils.m */,
				872D946915737E7900BCB4EC /* NSArray+Kolyvan.h */,
				872D946A15737E7900BCB4EC /* NSArray+Kolyvan.m */,
				872D946B15737E7900BCB4EC /* NSData+Kolyvan.h */,
				872D946C15737E7900BCB4EC /* NSData+Kolyvan.m */,
				872D946D15737E7900BCB4EC /* NSDate+Kolyvan.h */,
				872D946E15737E7900BCB4EC /* NSDate+Kolyvan.m */,
				872D946F15737E7900BCB4EC /* NSDictionary+Kolyvan.h */,
				872D947015737E7900BCB4EC /* NSDictionary+Kolyvan.m */,
				872D947115737E7900BCB4EC /* NSObject+Kolyvan.h */,
				872D947215737E7900BCB4EC /* NSObject+Kolyvan.m */,
				872D947315737E7900BCB4EC /* NSString+Kolyvan.h */,
				872D947415737E7900BCB4EC /* NSString+Kolyvan.m */,
			);
			name = kxtools;
			path = kxtools/kxtools;
			sourceTree = "<group>";
		};
		872D94851573836500BCB4EC /* samlib */ = {
			isa = PBXGroup;
			children = (
				872D94861573836500BCB4EC /* AFHTTPClient+Kolyvan.h */,
				872D94871573836500BCB4EC /* AFHTTPClient+Kolyvan.m */,
				872D94881573836500BCB4EC /* SamLib.h */,
				872D94891573836500BCB4EC /* SamLib.m */,
				872D948A1573836500BCB4EC /* SamLibAgent.h */,
				872D948B1573836500BCB4EC /* SamLibAgent.m */,
				872D948C1573836500BCB4EC /* SamLibAuthor.h */,
				872D948D1573836500BCB4EC /* SamLibAuthor.m */,
				872D948E1573836500BCB4EC /* SamLibComments.h */,
				872D948F1573836500BCB4EC /* SamLibComments.m */,
				872D94901573836500BCB4EC /* SamLibModel.h */,
				872D94911573836500BCB4EC /* SamLibModel.m */,
				872D94921573836500BCB4EC /* SamLibParser.h */,
				872D94931573836500BCB4EC /* SamLibParser.m */,
				872D94941573836500BCB4EC /* SamLibText.h */,
				872D94951573836500BCB4EC /* SamLibText.m */,
				872D94961573836500BCB4EC /* SamLibUser.h */,
				872D94971573836500BCB4EC /* SamLibUser.m */,
			);
			path = samlib;
			sourceTree = "<group>";
		};
		872D94AE1573857500BCB4EC /* vendors */ = {
			isa = PBXGroup;
			children = (
				870BA4571574F04400B71E07 /* FastCell.h */,
				870BA4581574F04400B71E07 /* FastCell.m */,
				8712FFBB1574D8B600C01283 /* notice */,
				872D95821573AB3D00BCB4EC /* refresh */,
				872D95631573875D00BCB4EC /* keychain */,
				872D95531573869A00BCB4EC /* logger */,
				872D95461573866700BCB4EC /* af */,
				872D94AF1573857D00BCB4EC /* json */,
			);
			name = vendors;
			sourceTree = "<group>";
		};
		872D94AF1573857D00BCB4EC /* json */ = {
			isa = PBXGroup;
			children = (
				872D94B11573857D00BCB4EC /* JSONKit.h */,
				872D94B21573857D00BCB4EC /* JSONKit.m */,
			);
			name = json;
			path = vendors/json;
			sourceTree = "<group>";
		};
		872D95461573866700BCB4EC /* af */ = {
			isa = PBXGroup;
			children = (
				872D95471573868500BCB4EC /* AFHTTPClient.h */,
				872D95481573868500BCB4EC /* AFHTTPClient.m */,
				872D95491573868500BCB4EC /* AFHTTPRequestOperation.h */,
				872D954A1573868500BCB4EC /* AFHTTPRequestOperation.m */,
				872D954B1573868500BCB4EC /* AFJSONUtilities.h */,
				872D954C1573868500BCB4EC /* AFJSONUtilities.m */,
				872D954D1573868500BCB4EC /* AFURLConnectionOperation.h */,
				872D954E1573868500BCB4EC /* AFURLConnectionOperation.m */,
			);
			name = af;
			sourceTree = "<group>";
		};
		872D95531573869A00BCB4EC /* logger */ = {
			isa = PBXGroup;
			children = (
				872D9554157386B100BCB4EC /* DDFileLogger.h */,
				872D9555157386B100BCB4EC /* DDFileLogger.m */,
				872D9556157386B100BCB4EC /* DDLog.h */,
				872D9557157386B100BCB4EC /* DDLog.m */,
				872D9558157386B100BCB4EC /* DDTTYLogger.h */,
				872D9559157386B100BCB4EC /* DDTTYLogger.m */,
			);
			name = logger;
			sourceTree = "<group>";
		};
		872D95631573875D00BCB4EC /* keychain */ = {
			isa = PBXGroup;
			children = (
				872D95641573876C00BCB4EC /* SSKeychain.h */,
				872D95651573876C00BCB4EC /* SSKeychain.m */,
			);
			name = keychain;
			sourceTree = "<group>";
		};
		872D956D1573968C00BCB4EC /* resources */ = {
			isa = PBXGroup;
			children = (
				87F06697158C63B200694FAC /* new-brown.png */,
				87F06698158C63B200694FAC /* new-gray.png */,
				87F06699158C63B200694FAC /* new-red.png */,
				87F06695158C61AE00694FAC /* trash.png */,
				87F0668B158C4CB400694FAC /* delete.png */,
				87E230AF158B1D490074EBF1 /* download.png */,
				8776CA32157751D50099C83D /* text.css */,
				8776CA33157751D50099C83D /* text.html */,
				870BA45F15750A2600B71E07 /* comment.png */,
				870BA46015750A2600B71E07 /* new.png */,
				870BA45B1575009600B71E07 /* favorite-off.png */,
				870BA45C1575009600B71E07 /* favorite.png */,
				8712FFDC1574E8D000C01283 /* back.png */,
				8712FFDD1574E8D000C01283 /* back@2x.png */,
				8712FFD81574E84900C01283 /* round_back.png */,
				8712FFD91574E84900C01283 /* round_back@2x.png */,
				8712FF9615749DE400C01283 /* success.png */,
				8712FF9415749D7D00C01283 /* failure.png */,
				872D9570157399D600BCB4EC /* emblem-system@2x.png */,
				872D956E1573983A00BCB4EC /* emblem-system.png */,
			);
			name = resources;
			sourceTree = "<group>";
		};
		872D95821573AB3D00BCB4EC /* refresh */ = {
			isa = PBXGroup;
			children = (
				872D95831573AB5600BCB4EC /* SSPullToRefresh.h */,
				872D95841573AB5600BCB4EC /* SSPullToRefreshDefaultContentView.h */,
				872D95851573AB5600BCB4EC /* SSPullToRefreshDefaultContentView.m */,
				872D95861573AB5600BCB4EC /* SSPullToRefreshSimpleContentView.h */,
				872D95871573AB5600BCB4EC /* SSPullToRefreshSimpleContentView.m */,
				872D95881573AB5600BCB4EC /* SSPullToRefreshView.h */,
				872D95891573AB5600BCB4EC /* SSPullToRefreshView.m */,
			);
			name = refresh;
			sourceTree = "<group>";
		};
/* End PBXGroup section */

/* Begin PBXNativeTarget section */
		872D942E15737B0400BCB4EC /* iSamizdat */ = {
			isa = PBXNativeTarget;
			buildConfigurationList = 872D945315737B0400BCB4EC /* Build configuration list for PBXNativeTarget "iSamizdat" */;
			buildPhases = (
				872D942B15737B0400BCB4EC /* Sources */,
				872D942C15737B0400BCB4EC /* Frameworks */,
				872D942D15737B0400BCB4EC /* Resources */,
			);
			buildRules = (
			);
			dependencies = (
			);
			name = iSamizdat;
			productName = iSamizdat;
			productReference = 872D942F15737B0400BCB4EC /* iSamizdat.app */;
			productType = "com.apple.product-type.application";
		};
/* End PBXNativeTarget section */

/* Begin PBXProject section */
		872D942615737B0400BCB4EC /* Project object */ = {
			isa = PBXProject;
			attributes = {
				LastUpgradeCheck = 0430;
				ORGANIZATIONNAME = "Konstantin Boukreev ";
			};
			buildConfigurationList = 872D942915737B0400BCB4EC /* Build configuration list for PBXProject "iSamizdat" */;
			compatibilityVersion = "Xcode 3.2";
			developmentRegion = English;
			hasScannedForEncodings = 0;
			knownRegions = (
				en,
				ru,
			);
			mainGroup = 872D942415737B0400BCB4EC;
			productRefGroup = 872D943015737B0400BCB4EC /* Products */;
			projectDirPath = "";
			projectRoot = "";
			targets = (
				872D942E15737B0400BCB4EC /* iSamizdat */,
			);
		};
/* End PBXProject section */

/* Begin PBXResourcesBuildPhase section */
		872D942D15737B0400BCB4EC /* Resources */ = {
			isa = PBXResourcesBuildPhase;
			buildActionMask = 2147483647;
			files = (
				872D943E15737B0400BCB4EC /* InfoPlist.strings in Resources */,
				872D944D15737B0400BCB4EC /* MainViewController.xib in Resources */,
				872D956F1573983A00BCB4EC /* emblem-system.png in Resources */,
				872D9571157399D600BCB4EC /* emblem-system@2x.png in Resources */,
				872D957415739B1C00BCB4EC /* localizable.strings in Resources */,
				8712FF9515749D7D00C01283 /* failure.png in Resources */,
				8712FF9715749DE400C01283 /* success.png in Resources */,
				8712FFAC1574C02700C01283 /* NewAuthorViewController.xib in Resources */,
				8712FFC81574D8D300C01283 /* NoticeView.bundle in Resources */,
				8712FFD21574DA7900C01283 /* AuthorViewController.xib in Resources */,
				8712FFD71574E65500C01283 /* TextViewController.xib in Resources */,
				8712FFDA1574E84900C01283 /* round_back.png in Resources */,
				8712FFDB1574E84900C01283 /* round_back@2x.png in Resources */,
				8712FFDE1574E8D000C01283 /* back.png in Resources */,
				8712FFDF1574E8D000C01283 /* back@2x.png in Resources */,
				870BA45D1575009600B71E07 /* favorite-off.png in Resources */,
				870BA45E1575009600B71E07 /* favorite.png in Resources */,
				870BA46115750A2600B71E07 /* comment.png in Resources */,
				870BA46215750A2600B71E07 /* new.png in Resources */,
				8776CA34157751D50099C83D /* text.css in Resources */,
				8776CA35157751D50099C83D /* text.html in Resources */,
				8776CA3A157756820099C83D /* TextReadViewController.xib in Resources */,
				8776CA3F157763890099C83D /* CommentsViewController.xib in Resources */,
				8776CA4715776EC50099C83D /* FavoritesViewController.xib in Resources */,
				87546F33157C98B900DE58DD /* PostViewController.xib in Resources */,
				87546F45157CB21300DE58DD /* UserViewController.xib in Resources */,
				87EE1E5415885C130015BA99 /* VoteViewController.xib in Resources */,
				87EE1E5915886C9F0015BA99 /* VotedViewController.xib in Resources */,
				87E230AD158B0AC70074EBF1 /* TextGroupViewController.xib in Resources */,
				87E230B0158B1D490074EBF1 /* download.png in Resources */,
				87E230C1158B5A600074EBF1 /* AuthorInfoViewController.xib in Resources */,
				87F0668C158C4CB400694FAC /* delete.png in Resources */,
				87F06696158C61AE00694FAC /* trash.png in Resources */,
				87F0669A158C63B200694FAC /* new-brown.png in Resources */,
				87F0669B158C63B200694FAC /* new-gray.png in Resources */,
				87F0669C158C63B200694FAC /* new-red.png in Resources */,
			);
			runOnlyForDeploymentPostprocessing = 0;
		};
/* End PBXResourcesBuildPhase section */

/* Begin PBXSourcesBuildPhase section */
		872D942B15737B0400BCB4EC /* Sources */ = {
			isa = PBXSourcesBuildPhase;
			buildActionMask = 2147483647;
			files = (
				872D944015737B0400BCB4EC /* main.m in Sources */,
				872D944415737B0400BCB4EC /* AppDelegate.m in Sources */,
				872D944715737B0400BCB4EC /* MainViewController.m in Sources */,
				872D947515737E7900BCB4EC /* KxCast.m in Sources */,
				872D947615737E7900BCB4EC /* KxConsole.m in Sources */,
				872D947715737E7900BCB4EC /* KxList.m in Sources */,
				872D947815737E7900BCB4EC /* KxTuple2.m in Sources */,
				872D947915737E7900BCB4EC /* KxUtils.m in Sources */,
				872D947A15737E7900BCB4EC /* NSArray+Kolyvan.m in Sources */,
				872D947B15737E7900BCB4EC /* NSData+Kolyvan.m in Sources */,
				872D947C15737E7900BCB4EC /* NSDate+Kolyvan.m in Sources */,
				872D947D15737E7900BCB4EC /* NSDictionary+Kolyvan.m in Sources */,
				872D947E15737E7900BCB4EC /* NSObject+Kolyvan.m in Sources */,
				872D947F15737E7900BCB4EC /* NSString+Kolyvan.m in Sources */,
				872D94981573836500BCB4EC /* AFHTTPClient+Kolyvan.m in Sources */,
				872D94991573836500BCB4EC /* SamLib.m in Sources */,
				872D949A1573836500BCB4EC /* SamLibAgent.m in Sources */,
				872D949B1573836500BCB4EC /* SamLibAuthor.m in Sources */,
				872D949C1573836500BCB4EC /* SamLibComments.m in Sources */,
				872D949D1573836500BCB4EC /* SamLibModel.m in Sources */,
				872D949E1573836500BCB4EC /* SamLibParser.m in Sources */,
				872D949F1573836500BCB4EC /* SamLibText.m in Sources */,
				872D94A01573836500BCB4EC /* SamLibUser.m in Sources */,
				872D94B51573857D00BCB4EC /* JSONKit.m in Sources */,
				872D954F1573868500BCB4EC /* AFHTTPClient.m in Sources */,
				872D95501573868500BCB4EC /* AFHTTPRequestOperation.m in Sources */,
				872D95511573868500BCB4EC /* AFJSONUtilities.m in Sources */,
				872D95521573868500BCB4EC /* AFURLConnectionOperation.m in Sources */,
				872D955A157386B100BCB4EC /* DDFileLogger.m in Sources */,
				872D955B157386B100BCB4EC /* DDLog.m in Sources */,
				872D955C157386B100BCB4EC /* DDTTYLogger.m in Sources */,
				872D95661573876C00BCB4EC /* SSKeychain.m in Sources */,
				872D958A1573AB5600BCB4EC /* SSPullToRefreshDefaultContentView.m in Sources */,
				872D958B1573AB5600BCB4EC /* SSPullToRefreshSimpleContentView.m in Sources */,
				872D958C1573AB5600BCB4EC /* SSPullToRefreshView.m in Sources */,
				8712FF9315749A3800C01283 /* SamLibAuthor+IOS.m in Sources */,
				8712FF9B1574A02B00C01283 /* NewAuthorViewController.m in Sources */,
				8712FFC91574D8D300C01283 /* UILabel+WBExtensions.m in Sources */,
				8712FFCA1574D8D300C01283 /* WBBaseNoticeView.m in Sources */,
				8712FFCB1574D8D300C01283 /* WBErrorNoticeView.m in Sources */,
				8712FFCC1574D8D300C01283 /* WBNoticeView.m in Sources */,
				8712FFCD1574D8D300C01283 /* WBSuccessNoticeView.m in Sources */,
				8712FFD11574DA7900C01283 /* AuthorViewController.m in Sources */,
				8712FFD61574E65500C01283 /* TextViewController.m in Sources */,
				870BA4591574F04400B71E07 /* FastCell.m in Sources */,
				870BA469157515F500B71E07 /* SamLibText+IOS.m in Sources */,
				8776CA2C157738670099C83D /* TableViewControllerEx.m in Sources */,
				8776CA39157756820099C83D /* TextReadViewController.m in Sources */,
				8776CA3E157763890099C83D /* CommentsViewController.m in Sources */,
				8776CA42157767460099C83D /* UIFont+Kolyvan.m in Sources */,
				8776CA4615776EC50099C83D /* FavoritesViewController.m in Sources */,
				87546F27157C888000DE58DD /* CommentCell.m in Sources */,
				87546F2B157C895C00DE58DD /* TextLine.m in Sources */,
				87546F2E157C8A7200DE58DD /* SamLibComment+IOS.m in Sources */,
				87546F32157C98B900DE58DD /* PostViewController.m in Sources */,
				87546F44157CB21300DE58DD /* UserViewController.m in Sources */,
				87EE1E5315885C130015BA99 /* VoteViewController.m in Sources */,
				87EE1E5815886C9F0015BA99 /* VotedViewController.m in Sources */,
				8744AD921589CD8500D77917 /* SSPullToRefreshView+Kolyvan.m in Sources */,
				87E230AC158B0AC70074EBF1 /* TextGroupViewController.m in Sources */,
				87E230C0158B5A600074EBF1 /* AuthorInfoViewController.m in Sources */,
				87F06694158C5F1C00694FAC /* UIColor+Kolyvan.m in Sources */,
			);
			runOnlyForDeploymentPostprocessing = 0;
		};
/* End PBXSourcesBuildPhase section */

/* Begin PBXVariantGroup section */
		872D943C15737B0400BCB4EC /* InfoPlist.strings */ = {
			isa = PBXVariantGroup;
			children = (
				872D943D15737B0400BCB4EC /* en */,
			);
			name = InfoPlist.strings;
			sourceTree = "<group>";
		};
		872D944B15737B0400BCB4EC /* MainViewController.xib */ = {
			isa = PBXVariantGroup;
			children = (
				872D944C15737B0400BCB4EC /* en */,
			);
			name = MainViewController.xib;
			sourceTree = "<group>";
		};
		872D957615739B1C00BCB4EC /* localizable.strings */ = {
			isa = PBXVariantGroup;
			children = (
				872D957515739B1C00BCB4EC /* en */,
				872D957715739B2100BCB4EC /* ru */,
			);
			name = localizable.strings;
			sourceTree = "<group>";
		};
/* End PBXVariantGroup section */

/* Begin XCBuildConfiguration section */
		872D945115737B0400BCB4EC /* Debug */ = {
			isa = XCBuildConfiguration;
			buildSettings = {
				ALWAYS_SEARCH_USER_PATHS = NO;
				ARCHS = "$(ARCHS_STANDARD_32_BIT)";
				CLANG_ENABLE_OBJC_ARC = YES;
				"CODE_SIGN_IDENTITY[sdk=iphoneos*]" = "iPhone Developer";
				COPY_PHASE_STRIP = NO;
				GCC_C_LANGUAGE_STANDARD = gnu99;
				GCC_DYNAMIC_NO_PIC = NO;
				GCC_OPTIMIZATION_LEVEL = 0;
				GCC_PREPROCESSOR_DEFINITIONS = (
					"DEBUG=1",
					"$(inherited)",
				);
				GCC_SYMBOLS_PRIVATE_EXTERN = NO;
				GCC_VERSION = com.apple.compilers.llvm.clang.1_0;
				GCC_WARN_ABOUT_RETURN_TYPE = YES;
				GCC_WARN_UNINITIALIZED_AUTOS = YES;
				GCC_WARN_UNUSED_VARIABLE = YES;
				IPHONEOS_DEPLOYMENT_TARGET = 5.1;
				SDKROOT = iphoneos;
			};
			name = Debug;
		};
		872D945215737B0400BCB4EC /* Release */ = {
			isa = XCBuildConfiguration;
			buildSettings = {
				ALWAYS_SEARCH_USER_PATHS = NO;
				ARCHS = "$(ARCHS_STANDARD_32_BIT)";
				CLANG_ENABLE_OBJC_ARC = YES;
				"CODE_SIGN_IDENTITY[sdk=iphoneos*]" = "iPhone Developer";
				COPY_PHASE_STRIP = YES;
				GCC_C_LANGUAGE_STANDARD = gnu99;
				GCC_VERSION = com.apple.compilers.llvm.clang.1_0;
				GCC_WARN_ABOUT_RETURN_TYPE = YES;
				GCC_WARN_UNINITIALIZED_AUTOS = YES;
				GCC_WARN_UNUSED_VARIABLE = YES;
				IPHONEOS_DEPLOYMENT_TARGET = 5.1;
				OTHER_CFLAGS = "-DNS_BLOCK_ASSERTIONS=1";
				SDKROOT = iphoneos;
				VALIDATE_PRODUCT = YES;
			};
			name = Release;
		};
		872D945415737B0400BCB4EC /* Debug */ = {
			isa = XCBuildConfiguration;
			buildSettings = {
				GCC_PRECOMPILE_PREFIX_HEADER = YES;
				GCC_PREFIX_HEADER = "iSamizdat/iSamizdat-Prefix.pch";
				INFOPLIST_FILE = "iSamizdat/iSamizdat-Info.plist";
				IPHONEOS_DEPLOYMENT_TARGET = 5.1;
				PRODUCT_NAME = "$(TARGET_NAME)";
				WRAPPER_EXTENSION = app;
			};
			name = Debug;
		};
		872D945515737B0400BCB4EC /* Release */ = {
			isa = XCBuildConfiguration;
			buildSettings = {
				GCC_PRECOMPILE_PREFIX_HEADER = YES;
				GCC_PREFIX_HEADER = "iSamizdat/iSamizdat-Prefix.pch";
				INFOPLIST_FILE = "iSamizdat/iSamizdat-Info.plist";
				IPHONEOS_DEPLOYMENT_TARGET = 5.1;
				PRODUCT_NAME = "$(TARGET_NAME)";
				WRAPPER_EXTENSION = app;
			};
			name = Release;
		};
/* End XCBuildConfiguration section */

/* Begin XCConfigurationList section */
		872D942915737B0400BCB4EC /* Build configuration list for PBXProject "iSamizdat" */ = {
			isa = XCConfigurationList;
			buildConfigurations = (
				872D945115737B0400BCB4EC /* Debug */,
				872D945215737B0400BCB4EC /* Release */,
			);
			defaultConfigurationIsVisible = 0;
			defaultConfigurationName = Release;
		};
		872D945315737B0400BCB4EC /* Build configuration list for PBXNativeTarget "iSamizdat" */ = {
			isa = XCConfigurationList;
			buildConfigurations = (
				872D945415737B0400BCB4EC /* Debug */,
				872D945515737B0400BCB4EC /* Release */,
			);
			defaultConfigurationIsVisible = 0;
			defaultConfigurationName = Release;
		};
/* End XCConfigurationList section */
	};
	rootObject = 872D942615737B0400BCB4EC /* Project object */;
}
